{
    "version": 3,
    "terraform_version": "0.12.31",
    "serial": 1,
    "lineage": "8219589a-ed1f-79a8-6e6a-98f18b9264ee",
    "modules": [
        {
            "path": [
                "root"
            ],
            "outputs": {
                "aws_vpc_tfer--vpc-0c31ec75d9cca6989_id": {
                    "sensitive": false,
                    "type": "string",
                    "value": "vpc-0c31ec75d9cca6989"
                }
            },
            "resources": {
                "aws_vpc.tfer--vpc-0c31ec75d9cca6989": {
                    "type": "aws_vpc",
                    "depends_on": [],
                    "primary": {
                        "id": "vpc-0c31ec75d9cca6989",
                        "attributes": {
                            "arn": "arn:aws:ec2:eu-north-1:155931191229:vpc/vpc-0c31ec75d9cca6989",
                            "assign_generated_ipv6_cidr_block": "false",
                            "cidr_block": "172.31.0.0/16",
                            "default_network_acl_id": "acl-002c5a2706d083cf4",
                            "default_route_table_id": "rtb-05cde6179f51f6d8a",
                            "default_security_group_id": "sg-0da3602ac5c81d27f",
                            "dhcp_options_id": "dopt-0403b7bf8064d27f7",
                            "enable_dns_hostnames": "true",
                            "enable_dns_support": "true",
                            "enable_network_address_usage_metrics": "false",
                            "id": "vpc-0c31ec75d9cca6989",
                            "instance_tenancy": "default",
                            "ipv6_association_id": "",
                            "ipv6_cidr_block": "",
                            "ipv6_cidr_block_network_border_group": "",
                            "ipv6_ipam_pool_id": "",
                            "ipv6_netmask_length": "0",
                            "main_route_table_id": "rtb-05cde6179f51f6d8a",
                            "owner_id": "155931191229",
                            "region": "eu-north-1",
                            "tags.%": "0",
                            "tags_all.%": "0"
                        },
                        "meta": {
                            "schema_version": 1
                        },
                        "tainted": false
                    },
                    "deposed": [],
                    "provider": "provider.aws"
                }
            },
            "depends_on": []
        }
    ]
}
