{
    "version": 3,
    "terraform_version": "0.12.31",
    "serial": 1,
    "lineage": "495bfc64-81f3-8a96-d762-c6fddb2875df",
    "modules": [
        {
            "path": [
                "root"
            ],
            "outputs": {
                "aws_iam_access_key_tfer--AKIASITRZE66TRMADJDZ_id": {
                    "sensitive": false,
                    "type": "string",
                    "value": "AKIASITRZE66TRMADJDZ"
                },
                "aws_iam_access_key_tfer--AKIASITRZE66WL44RAF2_id": {
                    "sensitive": false,
                    "type": "string",
                    "value": "AKIASITRZE66WL44RAF2"
                },
                "aws_iam_group_policy_attachment_tfer--dev1_AdministratorAccess_id": {
                    "sensitive": false,
                    "type": "string",
                    "value": "dev1/arn:aws:iam::aws:policy/AdministratorAccess"
                },
                "aws_iam_group_policy_attachment_tfer--dev_AmazonAppFlowReadOnlyAccess_id": {
                    "sensitive": false,
                    "type": "string",
                    "value": "dev/arn:aws:iam::aws:policy/AmazonAppFlowReadOnlyAccess"
                },
                "aws_iam_group_policy_attachment_tfer--dev_AmazonEC2ReadOnlyAccess_id": {
                    "sensitive": false,
                    "type": "string",
                    "value": "dev/arn:aws:iam::aws:policy/AmazonEC2ReadOnlyAccess"
                },
                "aws_iam_group_policy_attachment_tfer--dev_AmazonQDeveloperAccess_id": {
                    "sensitive": false,
                    "type": "string",
                    "value": "dev/arn:aws:iam::aws:policy/AmazonQDeveloperAccess"
                },
                "aws_iam_group_policy_attachment_tfer--dev_AmazonRDSReadOnlyAccess_id": {
                    "sensitive": false,
                    "type": "string",
                    "value": "dev/arn:aws:iam::aws:policy/AmazonRDSReadOnlyAccess"
                },
                "aws_iam_group_policy_attachment_tfer--dev_AmazonS3ReadOnlyAccess_id": {
                    "sensitive": false,
                    "type": "string",
                    "value": "dev/arn:aws:iam::aws:policy/AmazonS3ReadOnlyAccess"
                },
                "aws_iam_group_policy_attachment_tfer--dev_CloudWatchReadOnlyAccess_id": {
                    "sensitive": false,
                    "type": "string",
                    "value": "dev/arn:aws:iam::aws:policy/CloudWatchReadOnlyAccess"
                },
                "aws_iam_group_policy_attachment_tfer--dev_IAMReadOnlyAccess_id": {
                    "sensitive": false,
                    "type": "string",
                    "value": "dev/arn:aws:iam::aws:policy/IAMReadOnlyAccess"
                },
                "aws_iam_group_tfer--dev1_id": {
                    "sensitive": false,
                    "type": "string",
                    "value": "dev1"
                },
                "aws_iam_group_tfer--dev_id": {
                    "sensitive": false,
                    "type": "string",
                    "value": "dev"
                },
                "aws_iam_instance_profile_tfer--EC2-InstanceRole_id": {
                    "sensitive": false,
                    "type": "string",
                    "value": "EC2-InstanceRole"
                },
                "aws_iam_instance_profile_tfer--ec2forapp_id": {
                    "sensitive": false,
                    "type": "string",
                    "value": "ec2forapp"
                },
                "aws_iam_role_policy_attachment_tfer--AWSServiceRoleForAutoScaling_AutoScalingServiceRolePolicy_id": {
                    "sensitive": false,
                    "type": "string",
                    "value": "AWSServiceRoleForAutoScaling/arn:aws:iam::aws:policy/aws-service-role/AutoScalingServiceRolePolicy"
                },
                "aws_iam_role_policy_attachment_tfer--AWSServiceRoleForRDS_AmazonRDSServiceRolePolicy_id": {
                    "sensitive": false,
                    "type": "string",
                    "value": "AWSServiceRoleForRDS/arn:aws:iam::aws:policy/aws-service-role/AmazonRDSServiceRolePolicy"
                },
                "aws_iam_role_policy_attachment_tfer--AWSServiceRoleForResourceExplorer_AWSResourceExplorerServiceRolePolicy_id": {
                    "sensitive": false,
                    "type": "string",
                    "value": "AWSServiceRoleForResourceExplorer/arn:aws:iam::aws:policy/aws-service-role/AWSResourceExplorerServiceRolePolicy"
                },
                "aws_iam_role_policy_attachment_tfer--AWSServiceRoleForSupport_AWSSupportServiceRolePolicy_id": {
                    "sensitive": false,
                    "type": "string",
                    "value": "AWSServiceRoleForSupport/arn:aws:iam::aws:policy/aws-service-role/AWSSupportServiceRolePolicy"
                },
                "aws_iam_role_policy_attachment_tfer--AWSServiceRoleForTrustedAdvisor_AWSTrustedAdvisorServiceRolePolicy_id": {
                    "sensitive": false,
                    "type": "string",
                    "value": "AWSServiceRoleForTrustedAdvisor/arn:aws:iam::aws:policy/aws-service-role/AWSTrustedAdvisorServiceRolePolicy"
                },
                "aws_iam_role_policy_attachment_tfer--EC2-InstanceRole_AmazonEC2ReadOnlyAccess_id": {
                    "sensitive": false,
                    "type": "string",
                    "value": "EC2-InstanceRole/arn:aws:iam::aws:policy/AmazonEC2ReadOnlyAccess"
                },
                "aws_iam_role_policy_attachment_tfer--EC2-InstanceRole_AmazonS3ReadOnlyAccess_id": {
                    "sensitive": false,
                    "type": "string",
                    "value": "EC2-InstanceRole/arn:aws:iam::aws:policy/AmazonS3ReadOnlyAccess"
                },
                "aws_iam_role_policy_attachment_tfer--EC2-InstanceRole_AmazonSSMManagedInstanceCore_id": {
                    "sensitive": false,
                    "type": "string",
                    "value": "EC2-InstanceRole/arn:aws:iam::aws:policy/AmazonSSMManagedInstanceCore"
                },
                "aws_iam_role_policy_attachment_tfer--EC2-InstanceRole_CloudWatchAgentServerPolicy_id": {
                    "sensitive": false,
                    "type": "string",
                    "value": "EC2-InstanceRole/arn:aws:iam::aws:policy/CloudWatchAgentServerPolicy"
                },
                "aws_iam_role_policy_attachment_tfer--aws-elasticbeanstalk-service-role_AWSElasticBeanstalkEnhancedHealth_id": {
                    "sensitive": false,
                    "type": "string",
                    "value": "aws-elasticbeanstalk-service-role/arn:aws:iam::aws:policy/service-role/AWSElasticBeanstalkEnhancedHealth"
                },
                "aws_iam_role_policy_attachment_tfer--aws-elasticbeanstalk-service-role_AWSElasticBeanstalkManagedUpdatesCustomerRolePolicy_id": {
                    "sensitive": false,
                    "type": "string",
                    "value": "aws-elasticbeanstalk-service-role/arn:aws:iam::aws:policy/AWSElasticBeanstalkManagedUpdatesCustomerRolePolicy"
                },
                "aws_iam_role_policy_attachment_tfer--ec2forapp_AWSElasticBeanstalkMulticontainerDocker_id": {
                    "sensitive": false,
                    "type": "string",
                    "value": "ec2forapp/arn:aws:iam::aws:policy/AWSElasticBeanstalkMulticontainerDocker"
                },
                "aws_iam_role_policy_attachment_tfer--ec2forapp_AWSElasticBeanstalkRoleSNS_id": {
                    "sensitive": false,
                    "type": "string",
                    "value": "ec2forapp/arn:aws:iam::aws:policy/service-role/AWSElasticBeanstalkRoleSNS"
                },
                "aws_iam_role_policy_attachment_tfer--ec2forapp_AWSElasticBeanstalkRoleWorkerTier_id": {
                    "sensitive": false,
                    "type": "string",
                    "value": "ec2forapp/arn:aws:iam::aws:policy/service-role/AWSElasticBeanstalkRoleWorkerTier"
                },
                "aws_iam_role_policy_attachment_tfer--ec2forapp_AWSElasticBeanstalkWebTier_id": {
                    "sensitive": false,
                    "type": "string",
                    "value": "ec2forapp/arn:aws:iam::aws:policy/AWSElasticBeanstalkWebTier"
                },
                "aws_iam_role_policy_attachment_tfer--ec2forapp_AWSElasticBeanstalkWorkerTier_id": {
                    "sensitive": false,
                    "type": "string",
                    "value": "ec2forapp/arn:aws:iam::aws:policy/AWSElasticBeanstalkWorkerTier"
                },
                "aws_iam_role_policy_attachment_tfer--ec2forapp_AdministratorAccess-AWSElasticBeanstalk_id": {
                    "sensitive": false,
                    "type": "string",
                    "value": "ec2forapp/arn:aws:iam::aws:policy/AdministratorAccess-AWSElasticBeanstalk"
                },
                "aws_iam_role_policy_attachment_tfer--ec2forapp_AdministratorAccess_id": {
                    "sensitive": false,
                    "type": "string",
                    "value": "ec2forapp/arn:aws:iam::aws:policy/AdministratorAccess"
                },
                "aws_iam_role_tfer--AWSServiceRoleForAutoScaling_id": {
                    "sensitive": false,
                    "type": "string",
                    "value": "AWSServiceRoleForAutoScaling"
                },
                "aws_iam_role_tfer--AWSServiceRoleForRDS_id": {
                    "sensitive": false,
                    "type": "string",
                    "value": "AWSServiceRoleForRDS"
                },
                "aws_iam_role_tfer--AWSServiceRoleForResourceExplorer_id": {
                    "sensitive": false,
                    "type": "string",
                    "value": "AWSServiceRoleForResourceExplorer"
                },
                "aws_iam_role_tfer--AWSServiceRoleForSupport_id": {
                    "sensitive": false,
                    "type": "string",
                    "value": "AWSServiceRoleForSupport"
                },
                "aws_iam_role_tfer--AWSServiceRoleForTrustedAdvisor_id": {
                    "sensitive": false,
                    "type": "string",
                    "value": "AWSServiceRoleForTrustedAdvisor"
                },
                "aws_iam_role_tfer--EC2-InstanceRole_id": {
                    "sensitive": false,
                    "type": "string",
                    "value": "EC2-InstanceRole"
                },
                "aws_iam_role_tfer--aws-elasticbeanstalk-service-role_id": {
                    "sensitive": false,
                    "type": "string",
                    "value": "aws-elasticbeanstalk-service-role"
                },
                "aws_iam_role_tfer--ec2forapp_id": {
                    "sensitive": false,
                    "type": "string",
                    "value": "ec2forapp"
                },
                "aws_iam_user_group_membership_tfer--ahmed-iam-002F-dev_id": {
                    "sensitive": false,
                    "type": "string",
                    "value": "ahmed-iam/dev"
                },
                "aws_iam_user_group_membership_tfer--sama-002F-dev1_id": {
                    "sensitive": false,
                    "type": "string",
                    "value": "sama/dev1"
                },
                "aws_iam_user_policy_attachment_tfer--ahmed-iam_IAMUserChangePassword_id": {
                    "sensitive": false,
                    "type": "string",
                    "value": "ahmed-iam/arn:aws:iam::aws:policy/IAMUserChangePassword"
                },
                "aws_iam_user_policy_attachment_tfer--ahmed-iam_PowerUserAccess_id": {
                    "sensitive": false,
                    "type": "string",
                    "value": "ahmed-iam/arn:aws:iam::aws:policy/PowerUserAccess"
                },
                "aws_iam_user_policy_attachment_tfer--sama_IAMUserChangePassword_id": {
                    "sensitive": false,
                    "type": "string",
                    "value": "sama/arn:aws:iam::aws:policy/IAMUserChangePassword"
                },
                "aws_iam_user_tfer--AIDASITRZE662XIYFERGX_id": {
                    "sensitive": false,
                    "type": "string",
                    "value": "sama"
                },
                "aws_iam_user_tfer--AIDASITRZE663C3Z364NY_id": {
                    "sensitive": false,
                    "type": "string",
                    "value": "ahmed-iam"
                }
            },
            "resources": {
                "aws_iam_access_key.tfer--AKIASITRZE66TRMADJDZ": {
                    "type": "aws_iam_access_key",
                    "depends_on": [],
                    "primary": {
                        "id": "AKIASITRZE66TRMADJDZ",
                        "attributes": {
                            "create_date": "2025-11-30T15:59:11Z",
                            "id": "AKIASITRZE66TRMADJDZ",
                            "status": "Active",
                            "user": "ahmed-iam"
                        },
                        "meta": {
                            "schema_version": 0
                        },
                        "tainted": false
                    },
                    "deposed": [],
                    "provider": "provider.aws"
                },
                "aws_iam_access_key.tfer--AKIASITRZE66WL44RAF2": {
                    "type": "aws_iam_access_key",
                    "depends_on": [],
                    "primary": {
                        "id": "AKIASITRZE66WL44RAF2",
                        "attributes": {
                            "create_date": "2025-11-28T14:53:44Z",
                            "id": "AKIASITRZE66WL44RAF2",
                            "status": "Active",
                            "user": "sama"
                        },
                        "meta": {
                            "schema_version": 0
                        },
                        "tainted": false
                    },
                    "deposed": [],
                    "provider": "provider.aws"
                },
                "aws_iam_group.tfer--dev": {
                    "type": "aws_iam_group",
                    "depends_on": [],
                    "primary": {
                        "id": "dev",
                        "attributes": {
                            "arn": "arn:aws:iam::155931191229:group/dev",
                            "id": "dev",
                            "name": "dev",
                            "path": "/",
                            "unique_id": "AGPASITRZE6636DAS6SA6"
                        },
                        "meta": {
                            "schema_version": 0
                        },
                        "tainted": false
                    },
                    "deposed": [],
                    "provider": "provider.aws"
                },
                "aws_iam_group.tfer--dev1": {
                    "type": "aws_iam_group",
                    "depends_on": [],
                    "primary": {
                        "id": "dev1",
                        "attributes": {
                            "arn": "arn:aws:iam::155931191229:group/dev1",
                            "id": "dev1",
                            "name": "dev1",
                            "path": "/",
                            "unique_id": "AGPASITRZE665MIYNWBEH"
                        },
                        "meta": {
                            "schema_version": 0
                        },
                        "tainted": false
                    },
                    "deposed": [],
                    "provider": "provider.aws"
                },
                "aws_iam_group_policy_attachment.tfer--dev1_AdministratorAccess": {
                    "type": "aws_iam_group_policy_attachment",
                    "depends_on": [],
                    "primary": {
                        "id": "dev1/arn:aws:iam::aws:policy/AdministratorAccess",
                        "attributes": {
                            "group": "dev1",
                            "id": "dev1/arn:aws:iam::aws:policy/AdministratorAccess",
                            "policy_arn": "arn:aws:iam::aws:policy/AdministratorAccess"
                        },
                        "meta": {
                            "schema_version": 0
                        },
                        "tainted": false
                    },
                    "deposed": [],
                    "provider": "provider.aws"
                },
                "aws_iam_group_policy_attachment.tfer--dev_AmazonAppFlowReadOnlyAccess": {
                    "type": "aws_iam_group_policy_attachment",
                    "depends_on": [],
                    "primary": {
                        "id": "dev/arn:aws:iam::aws:policy/AmazonAppFlowReadOnlyAccess",
                        "attributes": {
                            "group": "dev",
                            "id": "dev/arn:aws:iam::aws:policy/AmazonAppFlowReadOnlyAccess",
                            "policy_arn": "arn:aws:iam::aws:policy/AmazonAppFlowReadOnlyAccess"
                        },
                        "meta": {
                            "schema_version": 0
                        },
                        "tainted": false
                    },
                    "deposed": [],
                    "provider": "provider.aws"
                },
                "aws_iam_group_policy_attachment.tfer--dev_AmazonEC2ReadOnlyAccess": {
                    "type": "aws_iam_group_policy_attachment",
                    "depends_on": [],
                    "primary": {
                        "id": "dev/arn:aws:iam::aws:policy/AmazonEC2ReadOnlyAccess",
                        "attributes": {
                            "group": "dev",
                            "id": "dev/arn:aws:iam::aws:policy/AmazonEC2ReadOnlyAccess",
                            "policy_arn": "arn:aws:iam::aws:policy/AmazonEC2ReadOnlyAccess"
                        },
                        "meta": {
                            "schema_version": 0
                        },
                        "tainted": false
                    },
                    "deposed": [],
                    "provider": "provider.aws"
                },
                "aws_iam_group_policy_attachment.tfer--dev_AmazonQDeveloperAccess": {
                    "type": "aws_iam_group_policy_attachment",
                    "depends_on": [],
                    "primary": {
                        "id": "dev/arn:aws:iam::aws:policy/AmazonQDeveloperAccess",
                        "attributes": {
                            "group": "dev",
                            "id": "dev/arn:aws:iam::aws:policy/AmazonQDeveloperAccess",
                            "policy_arn": "arn:aws:iam::aws:policy/AmazonQDeveloperAccess"
                        },
                        "meta": {
                            "schema_version": 0
                        },
                        "tainted": false
                    },
                    "deposed": [],
                    "provider": "provider.aws"
                },
                "aws_iam_group_policy_attachment.tfer--dev_AmazonRDSReadOnlyAccess": {
                    "type": "aws_iam_group_policy_attachment",
                    "depends_on": [],
                    "primary": {
                        "id": "dev/arn:aws:iam::aws:policy/AmazonRDSReadOnlyAccess",
                        "attributes": {
                            "group": "dev",
                            "id": "dev/arn:aws:iam::aws:policy/AmazonRDSReadOnlyAccess",
                            "policy_arn": "arn:aws:iam::aws:policy/AmazonRDSReadOnlyAccess"
                        },
                        "meta": {
                            "schema_version": 0
                        },
                        "tainted": false
                    },
                    "deposed": [],
                    "provider": "provider.aws"
                },
                "aws_iam_group_policy_attachment.tfer--dev_AmazonS3ReadOnlyAccess": {
                    "type": "aws_iam_group_policy_attachment",
                    "depends_on": [],
                    "primary": {
                        "id": "dev/arn:aws:iam::aws:policy/AmazonS3ReadOnlyAccess",
                        "attributes": {
                            "group": "dev",
                            "id": "dev/arn:aws:iam::aws:policy/AmazonS3ReadOnlyAccess",
                            "policy_arn": "arn:aws:iam::aws:policy/AmazonS3ReadOnlyAccess"
                        },
                        "meta": {
                            "schema_version": 0
                        },
                        "tainted": false
                    },
                    "deposed": [],
                    "provider": "provider.aws"
                },
                "aws_iam_group_policy_attachment.tfer--dev_CloudWatchReadOnlyAccess": {
                    "type": "aws_iam_group_policy_attachment",
                    "depends_on": [],
                    "primary": {
                        "id": "dev/arn:aws:iam::aws:policy/CloudWatchReadOnlyAccess",
                        "attributes": {
                            "group": "dev",
                            "id": "dev/arn:aws:iam::aws:policy/CloudWatchReadOnlyAccess",
                            "policy_arn": "arn:aws:iam::aws:policy/CloudWatchReadOnlyAccess"
                        },
                        "meta": {
                            "schema_version": 0
                        },
                        "tainted": false
                    },
                    "deposed": [],
                    "provider": "provider.aws"
                },
                "aws_iam_group_policy_attachment.tfer--dev_IAMReadOnlyAccess": {
                    "type": "aws_iam_group_policy_attachment",
                    "depends_on": [],
                    "primary": {
                        "id": "dev/arn:aws:iam::aws:policy/IAMReadOnlyAccess",
                        "attributes": {
                            "group": "dev",
                            "id": "dev/arn:aws:iam::aws:policy/IAMReadOnlyAccess",
                            "policy_arn": "arn:aws:iam::aws:policy/IAMReadOnlyAccess"
                        },
                        "meta": {
                            "schema_version": 0
                        },
                        "tainted": false
                    },
                    "deposed": [],
                    "provider": "provider.aws"
                },
                "aws_iam_instance_profile.tfer--EC2-InstanceRole": {
                    "type": "aws_iam_instance_profile",
                    "depends_on": [],
                    "primary": {
                        "id": "EC2-InstanceRole",
                        "attributes": {
                            "arn": "arn:aws:iam::155931191229:instance-profile/EC2-InstanceRole",
                            "create_date": "2025-11-29T13:26:28Z",
                            "id": "EC2-InstanceRole",
                            "name": "EC2-InstanceRole",
                            "name_prefix": "",
                            "path": "/",
                            "role": "EC2-InstanceRole",
                            "tags.%": "0",
                            "tags_all.%": "0",
                            "unique_id": "AIPASITRZE66VQM7MGO5Z"
                        },
                        "meta": {
                            "schema_version": 0
                        },
                        "tainted": false
                    },
                    "deposed": [],
                    "provider": "provider.aws"
                },
                "aws_iam_instance_profile.tfer--ec2forapp": {
                    "type": "aws_iam_instance_profile",
                    "depends_on": [],
                    "primary": {
                        "id": "ec2forapp",
                        "attributes": {
                            "arn": "arn:aws:iam::155931191229:instance-profile/ec2forapp",
                            "create_date": "2025-11-11T09:22:03Z",
                            "id": "ec2forapp",
                            "name": "ec2forapp",
                            "name_prefix": "",
                            "path": "/",
                            "role": "ec2forapp",
                            "tags.%": "0",
                            "tags_all.%": "0",
                            "unique_id": "AIPASITRZE666GUXEHQSV"
                        },
                        "meta": {
                            "schema_version": 0
                        },
                        "tainted": false
                    },
                    "deposed": [],
                    "provider": "provider.aws"
                },
                "aws_iam_role.tfer--AWSServiceRoleForAutoScaling": {
                    "type": "aws_iam_role",
                    "depends_on": [],
                    "primary": {
                        "id": "AWSServiceRoleForAutoScaling",
                        "attributes": {
                            "arn": "arn:aws:iam::155931191229:role/aws-service-role/autoscaling.amazonaws.com/AWSServiceRoleForAutoScaling",
                            "assume_role_policy": "{\"Statement\":[{\"Action\":\"sts:AssumeRole\",\"Effect\":\"Allow\",\"Principal\":{\"Service\":\"autoscaling.amazonaws.com\"}}],\"Version\":\"2012-10-17\"}",
                            "create_date": "2025-11-11T10:30:59Z",
                            "description": "Default Service-Linked Role enables access to AWS Services and Resources used or managed by Auto Scaling",
                            "id": "AWSServiceRoleForAutoScaling",
                            "managed_policy_arns.#": "1",
                            "managed_policy_arns.0": "arn:aws:iam::aws:policy/aws-service-role/AutoScalingServiceRolePolicy",
                            "max_session_duration": "3600",
                            "name": "AWSServiceRoleForAutoScaling",
                            "name_prefix": "",
                            "path": "/aws-service-role/autoscaling.amazonaws.com/",
                            "permissions_boundary": "",
                            "tags.%": "0",
                            "tags_all.%": "0",
                            "unique_id": "AROASITRZE666UAZMCD4G"
                        },
                        "meta": {
                            "schema_version": 0
                        },
                        "tainted": false
                    },
                    "deposed": [],
                    "provider": "provider.aws"
                },
                "aws_iam_role.tfer--AWSServiceRoleForRDS": {
                    "type": "aws_iam_role",
                    "depends_on": [],
                    "primary": {
                        "id": "AWSServiceRoleForRDS",
                        "attributes": {
                            "arn": "arn:aws:iam::155931191229:role/aws-service-role/rds.amazonaws.com/AWSServiceRoleForRDS",
                            "assume_role_policy": "{\"Statement\":[{\"Action\":\"sts:AssumeRole\",\"Effect\":\"Allow\",\"Principal\":{\"Service\":\"rds.amazonaws.com\"}}],\"Version\":\"2012-10-17\"}",
                            "create_date": "2025-11-11T09:45:10Z",
                            "description": "Allows Amazon RDS to manage AWS resources on your behalf",
                            "id": "AWSServiceRoleForRDS",
                            "managed_policy_arns.#": "1",
                            "managed_policy_arns.0": "arn:aws:iam::aws:policy/aws-service-role/AmazonRDSServiceRolePolicy",
                            "max_session_duration": "3600",
                            "name": "AWSServiceRoleForRDS",
                            "name_prefix": "",
                            "path": "/aws-service-role/rds.amazonaws.com/",
                            "permissions_boundary": "",
                            "tags.%": "0",
                            "tags_all.%": "0",
                            "unique_id": "AROASITRZE667JBPBKT53"
                        },
                        "meta": {
                            "schema_version": 0
                        },
                        "tainted": false
                    },
                    "deposed": [],
                    "provider": "provider.aws"
                },
                "aws_iam_role.tfer--AWSServiceRoleForResourceExplorer": {
                    "type": "aws_iam_role",
                    "depends_on": [],
                    "primary": {
                        "id": "AWSServiceRoleForResourceExplorer",
                        "attributes": {
                            "arn": "arn:aws:iam::155931191229:role/aws-service-role/resource-explorer-2.amazonaws.com/AWSServiceRoleForResourceExplorer",
                            "assume_role_policy": "{\"Statement\":[{\"Action\":\"sts:AssumeRole\",\"Effect\":\"Allow\",\"Principal\":{\"Service\":\"resource-explorer-2.amazonaws.com\"}}],\"Version\":\"2012-10-17\"}",
                            "create_date": "2025-11-11T08:22:27Z",
                            "description": "",
                            "id": "AWSServiceRoleForResourceExplorer",
                            "managed_policy_arns.#": "1",
                            "managed_policy_arns.0": "arn:aws:iam::aws:policy/aws-service-role/AWSResourceExplorerServiceRolePolicy",
                            "max_session_duration": "3600",
                            "name": "AWSServiceRoleForResourceExplorer",
                            "name_prefix": "",
                            "path": "/aws-service-role/resource-explorer-2.amazonaws.com/",
                            "permissions_boundary": "",
                            "tags.%": "0",
                            "tags_all.%": "0",
                            "unique_id": "AROASITRZE66XMLBYQBB5"
                        },
                        "meta": {
                            "schema_version": 0
                        },
                        "tainted": false
                    },
                    "deposed": [],
                    "provider": "provider.aws"
                },
                "aws_iam_role.tfer--AWSServiceRoleForSupport": {
                    "type": "aws_iam_role",
                    "depends_on": [],
                    "primary": {
                        "id": "AWSServiceRoleForSupport",
                        "attributes": {
                            "arn": "arn:aws:iam::155931191229:role/aws-service-role/support.amazonaws.com/AWSServiceRoleForSupport",
                            "assume_role_policy": "{\"Statement\":[{\"Action\":\"sts:AssumeRole\",\"Effect\":\"Allow\",\"Principal\":{\"Service\":\"support.amazonaws.com\"}}],\"Version\":\"2012-10-17\"}",
                            "create_date": "2025-04-24T23:00:39Z",
                            "description": "Enables resource access for AWS to provide billing, administrative and support services",
                            "id": "AWSServiceRoleForSupport",
                            "managed_policy_arns.#": "1",
                            "managed_policy_arns.0": "arn:aws:iam::aws:policy/aws-service-role/AWSSupportServiceRolePolicy",
                            "max_session_duration": "3600",
                            "name": "AWSServiceRoleForSupport",
                            "name_prefix": "",
                            "path": "/aws-service-role/support.amazonaws.com/",
                            "permissions_boundary": "",
                            "tags.%": "0",
                            "tags_all.%": "0",
                            "unique_id": "AROASITRZE66662QVIHY2"
                        },
                        "meta": {
                            "schema_version": 0
                        },
                        "tainted": false
                    },
                    "deposed": [],
                    "provider": "provider.aws"
                },
                "aws_iam_role.tfer--AWSServiceRoleForTrustedAdvisor": {
                    "type": "aws_iam_role",
                    "depends_on": [],
                    "primary": {
                        "id": "AWSServiceRoleForTrustedAdvisor",
                        "attributes": {
                            "arn": "arn:aws:iam::155931191229:role/aws-service-role/trustedadvisor.amazonaws.com/AWSServiceRoleForTrustedAdvisor",
                            "assume_role_policy": "{\"Statement\":[{\"Action\":\"sts:AssumeRole\",\"Effect\":\"Allow\",\"Principal\":{\"Service\":\"trustedadvisor.amazonaws.com\"}}],\"Version\":\"2012-10-17\"}",
                            "create_date": "2025-04-24T23:00:39Z",
                            "description": "Access for the AWS Trusted Advisor Service to help reduce cost, increase performance, and improve security of your AWS environment.",
                            "id": "AWSServiceRoleForTrustedAdvisor",
                            "managed_policy_arns.#": "1",
                            "managed_policy_arns.0": "arn:aws:iam::aws:policy/aws-service-role/AWSTrustedAdvisorServiceRolePolicy",
                            "max_session_duration": "3600",
                            "name": "AWSServiceRoleForTrustedAdvisor",
                            "name_prefix": "",
                            "path": "/aws-service-role/trustedadvisor.amazonaws.com/",
                            "permissions_boundary": "",
                            "tags.%": "0",
                            "tags_all.%": "0",
                            "unique_id": "AROASITRZE66WDLSZ7EBN"
                        },
                        "meta": {
                            "schema_version": 0
                        },
                        "tainted": false
                    },
                    "deposed": [],
                    "provider": "provider.aws"
                },
                "aws_iam_role.tfer--EC2-InstanceRole": {
                    "type": "aws_iam_role",
                    "depends_on": [],
                    "primary": {
                        "id": "EC2-InstanceRole",
                        "attributes": {
                            "arn": "arn:aws:iam::155931191229:role/EC2-InstanceRole",
                            "assume_role_policy": "{\"Statement\":[{\"Action\":\"sts:AssumeRole\",\"Effect\":\"Allow\",\"Principal\":{\"Service\":\"ec2.amazonaws.com\"}}],\"Version\":\"2012-10-17\"}",
                            "create_date": "2025-11-29T13:26:27Z",
                            "description": "Allows EC2 instances to call AWS services on your behalf.",
                            "id": "EC2-InstanceRole",
                            "managed_policy_arns.#": "4",
                            "managed_policy_arns.0": "arn:aws:iam::aws:policy/AmazonEC2ReadOnlyAccess",
                            "managed_policy_arns.1": "arn:aws:iam::aws:policy/AmazonS3ReadOnlyAccess",
                            "managed_policy_arns.2": "arn:aws:iam::aws:policy/AmazonSSMManagedInstanceCore",
                            "managed_policy_arns.3": "arn:aws:iam::aws:policy/CloudWatchAgentServerPolicy",
                            "max_session_duration": "3600",
                            "name": "EC2-InstanceRole",
                            "name_prefix": "",
                            "path": "/",
                            "permissions_boundary": "",
                            "tags.%": "0",
                            "tags_all.%": "0",
                            "unique_id": "AROASITRZE66RLE4MGEWH"
                        },
                        "meta": {
                            "schema_version": 0
                        },
                        "tainted": false
                    },
                    "deposed": [],
                    "provider": "provider.aws"
                },
                "aws_iam_role.tfer--aws-elasticbeanstalk-service-role": {
                    "type": "aws_iam_role",
                    "depends_on": [],
                    "primary": {
                        "id": "aws-elasticbeanstalk-service-role",
                        "attributes": {
                            "arn": "arn:aws:iam::155931191229:role/aws-elasticbeanstalk-service-role",
                            "assume_role_policy": "{\"Statement\":[{\"Action\":\"sts:AssumeRole\",\"Effect\":\"Allow\",\"Principal\":{\"Service\":\"elasticbeanstalk.amazonaws.com\"}}],\"Version\":\"2012-10-17\"}",
                            "create_date": "2025-11-11T10:27:37Z",
                            "description": "Allows access to other AWS service resources that are required to create and manage environments.",
                            "id": "aws-elasticbeanstalk-service-role",
                            "managed_policy_arns.#": "2",
                            "managed_policy_arns.0": "arn:aws:iam::aws:policy/AWSElasticBeanstalkManagedUpdatesCustomerRolePolicy",
                            "managed_policy_arns.1": "arn:aws:iam::aws:policy/service-role/AWSElasticBeanstalkEnhancedHealth",
                            "max_session_duration": "3600",
                            "name": "aws-elasticbeanstalk-service-role",
                            "name_prefix": "",
                            "path": "/",
                            "permissions_boundary": "",
                            "tags.%": "0",
                            "tags_all.%": "0",
                            "unique_id": "AROASITRZE664VSB5L7KJ"
                        },
                        "meta": {
                            "schema_version": 0
                        },
                        "tainted": false
                    },
                    "deposed": [],
                    "provider": "provider.aws"
                },
                "aws_iam_role.tfer--ec2forapp": {
                    "type": "aws_iam_role",
                    "depends_on": [],
                    "primary": {
                        "id": "ec2forapp",
                        "attributes": {
                            "arn": "arn:aws:iam::155931191229:role/ec2forapp",
                            "assume_role_policy": "{\"Statement\":[{\"Action\":\"sts:AssumeRole\",\"Effect\":\"Allow\",\"Principal\":{\"Service\":\"ec2.amazonaws.com\"}}],\"Version\":\"2012-10-17\"}",
                            "create_date": "2025-11-11T09:22:03Z",
                            "description": "Allows EC2 instances to call AWS services on your behalf.",
                            "id": "ec2forapp",
                            "managed_policy_arns.#": "7",
                            "managed_policy_arns.0": "arn:aws:iam::aws:policy/AWSElasticBeanstalkMulticontainerDocker",
                            "managed_policy_arns.1": "arn:aws:iam::aws:policy/AWSElasticBeanstalkWebTier",
                            "managed_policy_arns.2": "arn:aws:iam::aws:policy/AWSElasticBeanstalkWorkerTier",
                            "managed_policy_arns.3": "arn:aws:iam::aws:policy/AdministratorAccess",
                            "managed_policy_arns.4": "arn:aws:iam::aws:policy/AdministratorAccess-AWSElasticBeanstalk",
                            "managed_policy_arns.5": "arn:aws:iam::aws:policy/service-role/AWSElasticBeanstalkRoleSNS",
                            "managed_policy_arns.6": "arn:aws:iam::aws:policy/service-role/AWSElasticBeanstalkRoleWorkerTier",
                            "max_session_duration": "3600",
                            "name": "ec2forapp",
                            "name_prefix": "",
                            "path": "/",
                            "permissions_boundary": "",
                            "tags.%": "0",
                            "tags_all.%": "0",
                            "unique_id": "AROASITRZE664WAZZTGKH"
                        },
                        "meta": {
                            "schema_version": 0
                        },
                        "tainted": false
                    },
                    "deposed": [],
                    "provider": "provider.aws"
                },
                "aws_iam_role_policy_attachment.tfer--AWSServiceRoleForAutoScaling_AutoScalingServiceRolePolicy": {
                    "type": "aws_iam_role_policy_attachment",
                    "depends_on": [],
                    "primary": {
                        "id": "AWSServiceRoleForAutoScaling/arn:aws:iam::aws:policy/aws-service-role/AutoScalingServiceRolePolicy",
                        "attributes": {
                            "id": "AWSServiceRoleForAutoScaling/arn:aws:iam::aws:policy/aws-service-role/AutoScalingServiceRolePolicy",
                            "policy_arn": "arn:aws:iam::aws:policy/aws-service-role/AutoScalingServiceRolePolicy",
                            "role": "AWSServiceRoleForAutoScaling"
                        },
                        "meta": {
                            "schema_version": 0
                        },
                        "tainted": false
                    },
                    "deposed": [],
                    "provider": "provider.aws"
                },
                "aws_iam_role_policy_attachment.tfer--AWSServiceRoleForRDS_AmazonRDSServiceRolePolicy": {
                    "type": "aws_iam_role_policy_attachment",
                    "depends_on": [],
                    "primary": {
                        "id": "AWSServiceRoleForRDS/arn:aws:iam::aws:policy/aws-service-role/AmazonRDSServiceRolePolicy",
                        "attributes": {
                            "id": "AWSServiceRoleForRDS/arn:aws:iam::aws:policy/aws-service-role/AmazonRDSServiceRolePolicy",
                            "policy_arn": "arn:aws:iam::aws:policy/aws-service-role/AmazonRDSServiceRolePolicy",
                            "role": "AWSServiceRoleForRDS"
                        },
                        "meta": {
                            "schema_version": 0
                        },
                        "tainted": false
                    },
                    "deposed": [],
                    "provider": "provider.aws"
                },
                "aws_iam_role_policy_attachment.tfer--AWSServiceRoleForResourceExplorer_AWSResourceExplorerServiceRolePolicy": {
                    "type": "aws_iam_role_policy_attachment",
                    "depends_on": [],
                    "primary": {
                        "id": "AWSServiceRoleForResourceExplorer/arn:aws:iam::aws:policy/aws-service-role/AWSResourceExplorerServiceRolePolicy",
                        "attributes": {
                            "id": "AWSServiceRoleForResourceExplorer/arn:aws:iam::aws:policy/aws-service-role/AWSResourceExplorerServiceRolePolicy",
                            "policy_arn": "arn:aws:iam::aws:policy/aws-service-role/AWSResourceExplorerServiceRolePolicy",
                            "role": "AWSServiceRoleForResourceExplorer"
                        },
                        "meta": {
                            "schema_version": 0
                        },
                        "tainted": false
                    },
                    "deposed": [],
                    "provider": "provider.aws"
                },
                "aws_iam_role_policy_attachment.tfer--AWSServiceRoleForSupport_AWSSupportServiceRolePolicy": {
                    "type": "aws_iam_role_policy_attachment",
                    "depends_on": [],
                    "primary": {
                        "id": "AWSServiceRoleForSupport/arn:aws:iam::aws:policy/aws-service-role/AWSSupportServiceRolePolicy",
                        "attributes": {
                            "id": "AWSServiceRoleForSupport/arn:aws:iam::aws:policy/aws-service-role/AWSSupportServiceRolePolicy",
                            "policy_arn": "arn:aws:iam::aws:policy/aws-service-role/AWSSupportServiceRolePolicy",
                            "role": "AWSServiceRoleForSupport"
                        },
                        "meta": {
                            "schema_version": 0
                        },
                        "tainted": false
                    },
                    "deposed": [],
                    "provider": "provider.aws"
                },
                "aws_iam_role_policy_attachment.tfer--AWSServiceRoleForTrustedAdvisor_AWSTrustedAdvisorServiceRolePolicy": {
                    "type": "aws_iam_role_policy_attachment",
                    "depends_on": [],
                    "primary": {
                        "id": "AWSServiceRoleForTrustedAdvisor/arn:aws:iam::aws:policy/aws-service-role/AWSTrustedAdvisorServiceRolePolicy",
                        "attributes": {
                            "id": "AWSServiceRoleForTrustedAdvisor/arn:aws:iam::aws:policy/aws-service-role/AWSTrustedAdvisorServiceRolePolicy",
                            "policy_arn": "arn:aws:iam::aws:policy/aws-service-role/AWSTrustedAdvisorServiceRolePolicy",
                            "role": "AWSServiceRoleForTrustedAdvisor"
                        },
                        "meta": {
                            "schema_version": 0
                        },
                        "tainted": false
                    },
                    "deposed": [],
                    "provider": "provider.aws"
                },
                "aws_iam_role_policy_attachment.tfer--EC2-InstanceRole_AmazonEC2ReadOnlyAccess": {
                    "type": "aws_iam_role_policy_attachment",
                    "depends_on": [],
                    "primary": {
                        "id": "EC2-InstanceRole/arn:aws:iam::aws:policy/AmazonEC2ReadOnlyAccess",
                        "attributes": {
                            "id": "EC2-InstanceRole/arn:aws:iam::aws:policy/AmazonEC2ReadOnlyAccess",
                            "policy_arn": "arn:aws:iam::aws:policy/AmazonEC2ReadOnlyAccess",
                            "role": "EC2-InstanceRole"
                        },
                        "meta": {
                            "schema_version": 0
                        },
                        "tainted": false
                    },
                    "deposed": [],
                    "provider": "provider.aws"
                },
                "aws_iam_role_policy_attachment.tfer--EC2-InstanceRole_AmazonS3ReadOnlyAccess": {
                    "type": "aws_iam_role_policy_attachment",
                    "depends_on": [],
                    "primary": {
                        "id": "EC2-InstanceRole/arn:aws:iam::aws:policy/AmazonS3ReadOnlyAccess",
                        "attributes": {
                            "id": "EC2-InstanceRole/arn:aws:iam::aws:policy/AmazonS3ReadOnlyAccess",
                            "policy_arn": "arn:aws:iam::aws:policy/AmazonS3ReadOnlyAccess",
                            "role": "EC2-InstanceRole"
                        },
                        "meta": {
                            "schema_version": 0
                        },
                        "tainted": false
                    },
                    "deposed": [],
                    "provider": "provider.aws"
                },
                "aws_iam_role_policy_attachment.tfer--EC2-InstanceRole_AmazonSSMManagedInstanceCore": {
                    "type": "aws_iam_role_policy_attachment",
                    "depends_on": [],
                    "primary": {
                        "id": "EC2-InstanceRole/arn:aws:iam::aws:policy/AmazonSSMManagedInstanceCore",
                        "attributes": {
                            "id": "EC2-InstanceRole/arn:aws:iam::aws:policy/AmazonSSMManagedInstanceCore",
                            "policy_arn": "arn:aws:iam::aws:policy/AmazonSSMManagedInstanceCore",
                            "role": "EC2-InstanceRole"
                        },
                        "meta": {
                            "schema_version": 0
                        },
                        "tainted": false
                    },
                    "deposed": [],
                    "provider": "provider.aws"
                },
                "aws_iam_role_policy_attachment.tfer--EC2-InstanceRole_CloudWatchAgentServerPolicy": {
                    "type": "aws_iam_role_policy_attachment",
                    "depends_on": [],
                    "primary": {
                        "id": "EC2-InstanceRole/arn:aws:iam::aws:policy/CloudWatchAgentServerPolicy",
                        "attributes": {
                            "id": "EC2-InstanceRole/arn:aws:iam::aws:policy/CloudWatchAgentServerPolicy",
                            "policy_arn": "arn:aws:iam::aws:policy/CloudWatchAgentServerPolicy",
                            "role": "EC2-InstanceRole"
                        },
                        "meta": {
                            "schema_version": 0
                        },
                        "tainted": false
                    },
                    "deposed": [],
                    "provider": "provider.aws"
                },
                "aws_iam_role_policy_attachment.tfer--aws-elasticbeanstalk-service-role_AWSElasticBeanstalkEnhancedHealth": {
                    "type": "aws_iam_role_policy_attachment",
                    "depends_on": [],
                    "primary": {
                        "id": "aws-elasticbeanstalk-service-role/arn:aws:iam::aws:policy/service-role/AWSElasticBeanstalkEnhancedHealth",
                        "attributes": {
                            "id": "aws-elasticbeanstalk-service-role/arn:aws:iam::aws:policy/service-role/AWSElasticBeanstalkEnhancedHealth",
                            "policy_arn": "arn:aws:iam::aws:policy/service-role/AWSElasticBeanstalkEnhancedHealth",
                            "role": "aws-elasticbeanstalk-service-role"
                        },
                        "meta": {
                            "schema_version": 0
                        },
                        "tainted": false
                    },
                    "deposed": [],
                    "provider": "provider.aws"
                },
                "aws_iam_role_policy_attachment.tfer--aws-elasticbeanstalk-service-role_AWSElasticBeanstalkManagedUpdatesCustomerRolePolicy": {
                    "type": "aws_iam_role_policy_attachment",
                    "depends_on": [],
                    "primary": {
                        "id": "aws-elasticbeanstalk-service-role/arn:aws:iam::aws:policy/AWSElasticBeanstalkManagedUpdatesCustomerRolePolicy",
                        "attributes": {
                            "id": "aws-elasticbeanstalk-service-role/arn:aws:iam::aws:policy/AWSElasticBeanstalkManagedUpdatesCustomerRolePolicy",
                            "policy_arn": "arn:aws:iam::aws:policy/AWSElasticBeanstalkManagedUpdatesCustomerRolePolicy",
                            "role": "aws-elasticbeanstalk-service-role"
                        },
                        "meta": {
                            "schema_version": 0
                        },
                        "tainted": false
                    },
                    "deposed": [],
                    "provider": "provider.aws"
                },
                "aws_iam_role_policy_attachment.tfer--ec2forapp_AWSElasticBeanstalkMulticontainerDocker": {
                    "type": "aws_iam_role_policy_attachment",
                    "depends_on": [],
                    "primary": {
                        "id": "ec2forapp/arn:aws:iam::aws:policy/AWSElasticBeanstalkMulticontainerDocker",
                        "attributes": {
                            "id": "ec2forapp/arn:aws:iam::aws:policy/AWSElasticBeanstalkMulticontainerDocker",
                            "policy_arn": "arn:aws:iam::aws:policy/AWSElasticBeanstalkMulticontainerDocker",
                            "role": "ec2forapp"
                        },
                        "meta": {
                            "schema_version": 0
                        },
                        "tainted": false
                    },
                    "deposed": [],
                    "provider": "provider.aws"
                },
                "aws_iam_role_policy_attachment.tfer--ec2forapp_AWSElasticBeanstalkRoleSNS": {
                    "type": "aws_iam_role_policy_attachment",
                    "depends_on": [],
                    "primary": {
                        "id": "ec2forapp/arn:aws:iam::aws:policy/service-role/AWSElasticBeanstalkRoleSNS",
                        "attributes": {
                            "id": "ec2forapp/arn:aws:iam::aws:policy/service-role/AWSElasticBeanstalkRoleSNS",
                            "policy_arn": "arn:aws:iam::aws:policy/service-role/AWSElasticBeanstalkRoleSNS",
                            "role": "ec2forapp"
                        },
                        "meta": {
                            "schema_version": 0
                        },
                        "tainted": false
                    },
                    "deposed": [],
                    "provider": "provider.aws"
                },
                "aws_iam_role_policy_attachment.tfer--ec2forapp_AWSElasticBeanstalkRoleWorkerTier": {
                    "type": "aws_iam_role_policy_attachment",
                    "depends_on": [],
                    "primary": {
                        "id": "ec2forapp/arn:aws:iam::aws:policy/service-role/AWSElasticBeanstalkRoleWorkerTier",
                        "attributes": {
                            "id": "ec2forapp/arn:aws:iam::aws:policy/service-role/AWSElasticBeanstalkRoleWorkerTier",
                            "policy_arn": "arn:aws:iam::aws:policy/service-role/AWSElasticBeanstalkRoleWorkerTier",
                            "role": "ec2forapp"
                        },
                        "meta": {
                            "schema_version": 0
                        },
                        "tainted": false
                    },
                    "deposed": [],
                    "provider": "provider.aws"
                },
                "aws_iam_role_policy_attachment.tfer--ec2forapp_AWSElasticBeanstalkWebTier": {
                    "type": "aws_iam_role_policy_attachment",
                    "depends_on": [],
                    "primary": {
                        "id": "ec2forapp/arn:aws:iam::aws:policy/AWSElasticBeanstalkWebTier",
                        "attributes": {
                            "id": "ec2forapp/arn:aws:iam::aws:policy/AWSElasticBeanstalkWebTier",
                            "policy_arn": "arn:aws:iam::aws:policy/AWSElasticBeanstalkWebTier",
                            "role": "ec2forapp"
                        },
                        "meta": {
                            "schema_version": 0
                        },
                        "tainted": false
                    },
                    "deposed": [],
                    "provider": "provider.aws"
                },
                "aws_iam_role_policy_attachment.tfer--ec2forapp_AWSElasticBeanstalkWorkerTier": {
                    "type": "aws_iam_role_policy_attachment",
                    "depends_on": [],
                    "primary": {
                        "id": "ec2forapp/arn:aws:iam::aws:policy/AWSElasticBeanstalkWorkerTier",
                        "attributes": {
                            "id": "ec2forapp/arn:aws:iam::aws:policy/AWSElasticBeanstalkWorkerTier",
                            "policy_arn": "arn:aws:iam::aws:policy/AWSElasticBeanstalkWorkerTier",
                            "role": "ec2forapp"
                        },
                        "meta": {
                            "schema_version": 0
                        },
                        "tainted": false
                    },
                    "deposed": [],
                    "provider": "provider.aws"
                },
                "aws_iam_role_policy_attachment.tfer--ec2forapp_AdministratorAccess": {
                    "type": "aws_iam_role_policy_attachment",
                    "depends_on": [],
                    "primary": {
                        "id": "ec2forapp/arn:aws:iam::aws:policy/AdministratorAccess",
                        "attributes": {
                            "id": "ec2forapp/arn:aws:iam::aws:policy/AdministratorAccess",
                            "policy_arn": "arn:aws:iam::aws:policy/AdministratorAccess",
                            "role": "ec2forapp"
                        },
                        "meta": {
                            "schema_version": 0
                        },
                        "tainted": false
                    },
                    "deposed": [],
                    "provider": "provider.aws"
                },
                "aws_iam_role_policy_attachment.tfer--ec2forapp_AdministratorAccess-AWSElasticBeanstalk": {
                    "type": "aws_iam_role_policy_attachment",
                    "depends_on": [],
                    "primary": {
                        "id": "ec2forapp/arn:aws:iam::aws:policy/AdministratorAccess-AWSElasticBeanstalk",
                        "attributes": {
                            "id": "ec2forapp/arn:aws:iam::aws:policy/AdministratorAccess-AWSElasticBeanstalk",
                            "policy_arn": "arn:aws:iam::aws:policy/AdministratorAccess-AWSElasticBeanstalk",
                            "role": "ec2forapp"
                        },
                        "meta": {
                            "schema_version": 0
                        },
                        "tainted": false
                    },
                    "deposed": [],
                    "provider": "provider.aws"
                },
                "aws_iam_user.tfer--AIDASITRZE662XIYFERGX": {
                    "type": "aws_iam_user",
                    "depends_on": [],
                    "primary": {
                        "id": "sama",
                        "attributes": {
                            "arn": "arn:aws:iam::155931191229:user/sama",
                            "force_destroy": "false",
                            "id": "sama",
                            "name": "sama",
                            "path": "/",
                            "permissions_boundary": "",
                            "tags.%": "1",
                            "tags.AKIASITRZE66WL44RAF2": "my-key",
                            "tags_all.%": "1",
                            "tags_all.AKIASITRZE66WL44RAF2": "my-key",
                            "unique_id": "AIDASITRZE662XIYFERGX"
                        },
                        "meta": {
                            "schema_version": 0
                        },
                        "tainted": false
                    },
                    "deposed": [],
                    "provider": "provider.aws"
                },
                "aws_iam_user.tfer--AIDASITRZE663C3Z364NY": {
                    "type": "aws_iam_user",
                    "depends_on": [],
                    "primary": {
                        "id": "ahmed-iam",
                        "attributes": {
                            "arn": "arn:aws:iam::155931191229:user/ahmed-iam",
                            "force_destroy": "false",
                            "id": "ahmed-iam",
                            "name": "ahmed-iam",
                            "path": "/",
                            "permissions_boundary": "",
                            "tags.%": "1",
                            "tags.AKIASITRZE66TRMADJDZ": "devops-iam-ahmed",
                            "tags_all.%": "1",
                            "tags_all.AKIASITRZE66TRMADJDZ": "devops-iam-ahmed",
                            "unique_id": "AIDASITRZE663C3Z364NY"
                        },
                        "meta": {
                            "schema_version": 0
                        },
                        "tainted": false
                    },
                    "deposed": [],
                    "provider": "provider.aws"
                },
                "aws_iam_user_group_membership.tfer--ahmed-iam-002F-dev": {
                    "type": "aws_iam_user_group_membership",
                    "depends_on": [],
                    "primary": {
                        "id": "ahmed-iam/dev",
                        "attributes": {
                            "groups.#": "1",
                            "groups.0": "dev",
                            "id": "ahmed-iam/dev",
                            "user": "ahmed-iam"
                        },
                        "meta": {
                            "schema_version": 0
                        },
                        "tainted": false
                    },
                    "deposed": [],
                    "provider": "provider.aws"
                },
                "aws_iam_user_group_membership.tfer--sama-002F-dev1": {
                    "type": "aws_iam_user_group_membership",
                    "depends_on": [],
                    "primary": {
                        "id": "sama/dev1",
                        "attributes": {
                            "groups.#": "1",
                            "groups.0": "dev1",
                            "id": "sama/dev1",
                            "user": "sama"
                        },
                        "meta": {
                            "schema_version": 0
                        },
                        "tainted": false
                    },
                    "deposed": [],
                    "provider": "provider.aws"
                },
                "aws_iam_user_policy_attachment.tfer--ahmed-iam_IAMUserChangePassword": {
                    "type": "aws_iam_user_policy_attachment",
                    "depends_on": [],
                    "primary": {
                        "id": "ahmed-iam/arn:aws:iam::aws:policy/IAMUserChangePassword",
                        "attributes": {
                            "id": "ahmed-iam/arn:aws:iam::aws:policy/IAMUserChangePassword",
                            "policy_arn": "arn:aws:iam::aws:policy/IAMUserChangePassword",
                            "user": "ahmed-iam"
                        },
                        "meta": {
                            "schema_version": 0
                        },
                        "tainted": false
                    },
                    "deposed": [],
                    "provider": "provider.aws"
                },
                "aws_iam_user_policy_attachment.tfer--ahmed-iam_PowerUserAccess": {
                    "type": "aws_iam_user_policy_attachment",
                    "depends_on": [],
                    "primary": {
                        "id": "ahmed-iam/arn:aws:iam::aws:policy/PowerUserAccess",
                        "attributes": {
                            "id": "ahmed-iam/arn:aws:iam::aws:policy/PowerUserAccess",
                            "policy_arn": "arn:aws:iam::aws:policy/PowerUserAccess",
                            "user": "ahmed-iam"
                        },
                        "meta": {
                            "schema_version": 0
                        },
                        "tainted": false
                    },
                    "deposed": [],
                    "provider": "provider.aws"
                },
                "aws_iam_user_policy_attachment.tfer--sama_IAMUserChangePassword": {
                    "type": "aws_iam_user_policy_attachment",
                    "depends_on": [],
                    "primary": {
                        "id": "sama/arn:aws:iam::aws:policy/IAMUserChangePassword",
                        "attributes": {
                            "id": "sama/arn:aws:iam::aws:policy/IAMUserChangePassword",
                            "policy_arn": "arn:aws:iam::aws:policy/IAMUserChangePassword",
                            "user": "sama"
                        },
                        "meta": {
                            "schema_version": 0
                        },
                        "tainted": false
                    },
                    "deposed": [],
                    "provider": "provider.aws"
                }
            },
            "depends_on": []
        }
    ]
}
