{
    "version": 3,
    "terraform_version": "0.12.31",
    "serial": 1,
    "lineage": "a851f1e6-ac31-20b9-21fe-e023fd10100f",
    "modules": [
        {
            "path": [
                "root"
            ],
            "outputs": {
                "aws_instance_tfer--i-0128f52fb018e7401_web-0020-server_id": {
                    "sensitive": false,
                    "type": "string",
                    "value": "i-0128f52fb018e7401"
                },
                "aws_instance_tfer--i-01f70758d2a91cead_Studentmanagement-env_id": {
                    "sensitive": false,
                    "type": "string",
                    "value": "i-01f70758d2a91cead"
                },
                "aws_instance_tfer--i-08a7ab1d4d0956157_jenkins-workers_id": {
                    "sensitive": false,
                    "type": "string",
                    "value": "i-08a7ab1d4d0956157"
                },
                "aws_instance_tfer--i-097f394482d69ec64_jenkins-controller_id": {
                    "sensitive": false,
                    "type": "string",
                    "value": "i-097f394482d69ec64"
                },
                "aws_instance_tfer--i-0a4083869b2fbc709_terraformer_id": {
                    "sensitive": false,
                    "type": "string",
                    "value": "i-0a4083869b2fbc709"
                }
            },
            "resources": {
                "aws_instance.tfer--i-0128f52fb018e7401_web-0020-server": {
                    "type": "aws_instance",
                    "depends_on": [],
                    "primary": {
                        "id": "i-0128f52fb018e7401",
                        "attributes": {
                            "ami": "ami-0fa91bc90632c73c9",
                            "arn": "arn:aws:ec2:eu-north-1:155931191229:instance/i-0128f52fb018e7401",
                            "associate_public_ip_address": "true",
                            "availability_zone": "eu-north-1a",
                            "capacity_reservation_specification.#": "1",
                            "capacity_reservation_specification.0.capacity_reservation_preference": "open",
                            "capacity_reservation_specification.0.capacity_reservation_target.#": "0",
                            "cpu_options.#": "1",
                            "cpu_options.0.amd_sev_snp": "",
                            "cpu_options.0.core_count": "1",
                            "cpu_options.0.threads_per_core": "2",
                            "disable_api_stop": "false",
                            "disable_api_termination": "false",
                            "ebs_block_device.#": "0",
                            "ebs_optimized": "true",
                            "enclave_options.#": "1",
                            "enclave_options.0.enabled": "false",
                            "ephemeral_block_device.#": "0",
                            "get_password_data": "false",
                            "hibernation": "false",
                            "host_id": "",
                            "iam_instance_profile": "",
                            "id": "i-0128f52fb018e7401",
                            "instance_initiated_shutdown_behavior": "stop",
                            "instance_lifecycle": "",
                            "instance_market_options.#": "0",
                            "instance_state": "running",
                            "instance_type": "m7i-flex.large",
                            "ipv6_address_count": "0",
                            "ipv6_addresses.#": "0",
                            "key_name": "devops",
                            "launch_template.#": "0",
                            "maintenance_options.#": "1",
                            "maintenance_options.0.auto_recovery": "default",
                            "metadata_options.#": "1",
                            "metadata_options.0.http_endpoint": "enabled",
                            "metadata_options.0.http_protocol_ipv6": "disabled",
                            "metadata_options.0.http_put_response_hop_limit": "2",
                            "metadata_options.0.http_tokens": "required",
                            "metadata_options.0.instance_metadata_tags": "disabled",
                            "monitoring": "false",
                            "network_interface.#": "0",
                            "outpost_arn": "",
                            "password_data": "",
                            "placement_group": "",
                            "placement_group_id": "",
                            "placement_partition_number": "0",
                            "primary_network_interface.#": "1",
                            "primary_network_interface.0.delete_on_termination": "true",
                            "primary_network_interface.0.network_interface_id": "eni-0b86109ad99d05e4a",
                            "primary_network_interface_id": "eni-0b86109ad99d05e4a",
                            "private_dns": "ip-172-31-31-240.eu-north-1.compute.internal",
                            "private_dns_name_options.#": "1",
                            "private_dns_name_options.0.enable_resource_name_dns_a_record": "true",
                            "private_dns_name_options.0.enable_resource_name_dns_aaaa_record": "false",
                            "private_dns_name_options.0.hostname_type": "ip-name",
                            "private_ip": "172.31.31.240",
                            "public_dns": "ec2-16-170-173-4.eu-north-1.compute.amazonaws.com",
                            "public_ip": "16.170.173.4",
                            "region": "eu-north-1",
                            "root_block_device.#": "1",
                            "root_block_device.0.delete_on_termination": "true",
                            "root_block_device.0.device_name": "/dev/sda1",
                            "root_block_device.0.encrypted": "false",
                            "root_block_device.0.iops": "3000",
                            "root_block_device.0.kms_key_id": "",
                            "root_block_device.0.tags.%": "0",
                            "root_block_device.0.tags_all.%": "0",
                            "root_block_device.0.throughput": "125",
                            "root_block_device.0.volume_id": "vol-013e955fb978a94c8",
                            "root_block_device.0.volume_size": "40",
                            "root_block_device.0.volume_type": "gp3",
                            "secondary_private_ips.#": "0",
                            "security_groups.#": "1",
                            "security_groups.0": "launch-wizard-1",
                            "source_dest_check": "true",
                            "spot_instance_request_id": "",
                            "subnet_id": "subnet-0d628fc4b6978d9e5",
                            "tags.%": "1",
                            "tags.Name": "web server",
                            "tags_all.%": "1",
                            "tags_all.Name": "web server",
                            "tenancy": "default",
                            "user_data_base64": "",
                            "vpc_security_group_ids.#": "1",
                            "vpc_security_group_ids.0": "sg-0ec6b014361a627af"
                        },
                        "meta": {
                            "schema_version": 2
                        },
                        "tainted": false
                    },
                    "deposed": [],
                    "provider": "provider.aws"
                },
                "aws_instance.tfer--i-01f70758d2a91cead_Studentmanagement-env": {
                    "type": "aws_instance",
                    "depends_on": [],
                    "primary": {
                        "id": "i-01f70758d2a91cead",
                        "attributes": {
                            "ami": "ami-08f3d5feff69e1736",
                            "arn": "arn:aws:ec2:eu-north-1:155931191229:instance/i-01f70758d2a91cead",
                            "associate_public_ip_address": "true",
                            "availability_zone": "eu-north-1b",
                            "capacity_reservation_specification.#": "1",
                            "capacity_reservation_specification.0.capacity_reservation_preference": "open",
                            "capacity_reservation_specification.0.capacity_reservation_target.#": "0",
                            "cpu_options.#": "1",
                            "cpu_options.0.amd_sev_snp": "",
                            "cpu_options.0.core_count": "1",
                            "cpu_options.0.threads_per_core": "2",
                            "credit_specification.#": "1",
                            "credit_specification.0.cpu_credits": "unlimited",
                            "disable_api_stop": "false",
                            "disable_api_termination": "false",
                            "ebs_block_device.#": "0",
                            "ebs_optimized": "false",
                            "enclave_options.#": "1",
                            "enclave_options.0.enabled": "false",
                            "ephemeral_block_device.#": "0",
                            "get_password_data": "false",
                            "hibernation": "false",
                            "host_id": "",
                            "iam_instance_profile": "ec2forapp",
                            "id": "i-01f70758d2a91cead",
                            "instance_initiated_shutdown_behavior": "stop",
                            "instance_lifecycle": "",
                            "instance_market_options.#": "0",
                            "instance_state": "running",
                            "instance_type": "t3.micro",
                            "ipv6_address_count": "0",
                            "ipv6_addresses.#": "0",
                            "key_name": "",
                            "launch_template.#": "1",
                            "launch_template.0.id": "lt-0e940bf58b2529d94",
                            "launch_template.0.name": "AWSEBEC2LaunchTemplate_ADLOyR2oeexx",
                            "launch_template.0.version": "1",
                            "maintenance_options.#": "1",
                            "maintenance_options.0.auto_recovery": "default",
                            "metadata_options.#": "1",
                            "metadata_options.0.http_endpoint": "enabled",
                            "metadata_options.0.http_protocol_ipv6": "disabled",
                            "metadata_options.0.http_put_response_hop_limit": "2",
                            "metadata_options.0.http_tokens": "required",
                            "metadata_options.0.instance_metadata_tags": "disabled",
                            "monitoring": "false",
                            "network_interface.#": "0",
                            "outpost_arn": "",
                            "password_data": "",
                            "placement_group": "",
                            "placement_group_id": "",
                            "placement_partition_number": "0",
                            "primary_network_interface.#": "1",
                            "primary_network_interface.0.delete_on_termination": "true",
                            "primary_network_interface.0.network_interface_id": "eni-0b260c5165ee4b136",
                            "primary_network_interface_id": "eni-0b260c5165ee4b136",
                            "private_dns": "ip-172-31-35-29.eu-north-1.compute.internal",
                            "private_dns_name_options.#": "1",
                            "private_dns_name_options.0.enable_resource_name_dns_a_record": "false",
                            "private_dns_name_options.0.enable_resource_name_dns_aaaa_record": "false",
                            "private_dns_name_options.0.hostname_type": "ip-name",
                            "private_ip": "172.31.35.29",
                            "public_dns": "ec2-13-60-152-27.eu-north-1.compute.amazonaws.com",
                            "public_ip": "13.60.152.27",
                            "region": "eu-north-1",
                            "root_block_device.#": "1",
                            "root_block_device.0.delete_on_termination": "true",
                            "root_block_device.0.device_name": "/dev/xvda",
                            "root_block_device.0.encrypted": "false",
                            "root_block_device.0.iops": "3000",
                            "root_block_device.0.kms_key_id": "",
                            "root_block_device.0.tags.%": "0",
                            "root_block_device.0.tags_all.%": "0",
                            "root_block_device.0.throughput": "125",
                            "root_block_device.0.volume_id": "vol-033ffd9d84405ade9",
                            "root_block_device.0.volume_size": "8",
                            "root_block_device.0.volume_type": "gp3",
                            "secondary_private_ips.#": "0",
                            "security_groups.#": "1",
                            "security_groups.0": "awseb-e-wfmw3u2a7p-stack-AWSEBSecurityGroup-Cu20Sqxhm370",
                            "source_dest_check": "true",
                            "spot_instance_request_id": "",
                            "subnet_id": "subnet-014deebf772950683",
                            "tags.%": "3",
                            "tags.Name": "Studentmanagement-env",
                            "tags.elasticbeanstalk:environment-id": "e-wfmw3u2a7p",
                            "tags.elasticbeanstalk:environment-name": "Studentmanagement-env",
                            "tags_all.%": "3",
                            "tags_all.Name": "Studentmanagement-env",
                            "tags_all.elasticbeanstalk:environment-id": "e-wfmw3u2a7p",
                            "tags_all.elasticbeanstalk:environment-name": "Studentmanagement-env",
                            "tenancy": "default",
                            "user_data_base64": "Q29udGVudC1UeXBlOiBtdWx0aXBhcnQvbWl4ZWQ7IGJvdW5kYXJ5PSI9PT09PT09PT09PT09PT01MTg5MDY1Mzc3MjIyODk4NDA3PT0iCk1JTUUtVmVyc2lvbjogMS4wCgotLT09PT09PT09PT09PT09PTUxODkwNjUzNzcyMjI4OTg0MDc9PQpDb250ZW50LVR5cGU6IHRleHQvY2xvdWQtY29uZmlnOyBjaGFyc2V0PSJ1cy1hc2NpaSIKTUlNRS1WZXJzaW9uOiAxLjAKQ29udGVudC1UcmFuc2Zlci1FbmNvZGluZzogN2JpdApDb250ZW50LURpc3Bvc2l0aW9uOiBhdHRhY2htZW50OyBmaWxlbmFtZT0iY2xvdWQtY29uZmlnLnR4dCIKCiNjbG91ZC1jb25maWcKcmVwb191cGdyYWRlOiBub25lCnJlcG9fcmVsZWFzZXZlcjogMjAyMy45CmNsb3VkX2ZpbmFsX21vZHVsZXM6CiAtIFtzY3JpcHRzLXVzZXIsIGFsd2F5c10KCi0tPT09PT09PT09PT09PT09NTE4OTA2NTM3NzIyMjg5ODQwNz09CkNvbnRlbnQtVHlwZTogdGV4dC94LXNoZWxsc2NyaXB0OyBjaGFyc2V0PSJ1cy1hc2NpaSIKTUlNRS1WZXJzaW9uOiAxLjAKQ29udGVudC1UcmFuc2Zlci1FbmNvZGluZzogN2JpdApDb250ZW50LURpc3Bvc2l0aW9uOiBhdHRhY2htZW50OyBmaWxlbmFtZT0idXNlci1kYXRhLnR4dCIKCiMhL2Jpbi9iYXNoCmV4ZWMgPiA+KHRlZSAtYSAvdmFyL2xvZy9lYi1jZm4taW5pdC5sb2d8bG9nZ2VyIC10IFtlYi1jZm4taW5pdF0gLXMgMj4vZGV2L2NvbnNvbGUpIDI+JjEKZWNobyBbYGRhdGUgLXUgKyIlWS0lbS0lZFQlSDolTTolU1oiYF0gU3RhcnRlZCBFQiBVc2VyIERhdGEKc2V0IC14CgoKZnVuY3Rpb24gc2xlZXBfZGVsYXkgCnsKICBpZiAoKCAkU0xFRVBfVElNRSA8ICRTTEVFUF9USU1FX01BWCApKTsgdGhlbiAKICAgIGVjaG8gU2xlZXBpbmcgJFNMRUVQX1RJTUUKICAgIHNsZWVwICRTTEVFUF9USU1FICAKICAgIFNMRUVQX1RJTUU9JCgoJFNMRUVQX1RJTUUgKiAyKSkgCiAgZWxzZSAKICAgIGVjaG8gU2xlZXBpbmcgJFNMRUVQX1RJTUVfTUFYICAKICAgIHNsZWVwICRTTEVFUF9USU1FX01BWCAgCiAgZmkKfQoKIyBFeGVjdXRpbmcgYm9vdHN0cmFwIHNjcmlwdApTTEVFUF9USU1FPTIKU0xFRVBfVElNRV9NQVg9MzYwMAp3aGlsZSB0cnVlOyBkbyAKICBjdXJsIGh0dHBzOi8vZWxhc3RpY2JlYW5zdGFsay1wbGF0Zm9ybS1hc3NldHMtZXUtbm9ydGgtMS5zMy5ldS1ub3J0aC0xLmFtYXpvbmF3cy5jb20vc3RhbGtzL2ViX2NvcnJldHRvMTdfYW1hem9uX2xpbnV4XzIwMjNfMS4wLjEzMTUuMF8yMDI1MTEwMTE1MjQyOC9saWIvVXNlckRhdGFTY3JpcHQuc2ggPiAvdG1wL2ViYm9vdHN0cmFwLnNoIAogIFJFU1VMVD0kPwogIGlmIFtbICIkUkVTVUxUIiAtbmUgMCBdXTsgdGhlbiAKICAgIHNsZWVwX2RlbGF5IAogIGVsc2UKICAgIC9iaW4vYmFzaCAvdG1wL2ViYm9vdHN0cmFwLnNoICAgICAnaHR0cHM6Ly9jbG91ZGZvcm1hdGlvbi13YWl0Y29uZGl0aW9uLWV1LW5vcnRoLTEuczMuZXUtbm9ydGgtMS5hbWF6b25hd3MuY29tL2FybiUzQWF3cyUzQWNsb3VkZm9ybWF0aW9uJTNBZXUtbm9ydGgtMSUzQTE1NTkzMTE5MTIyOSUzQXN0YWNrL2F3c2ViLWUtd2ZtdzN1MmE3cC1zdGFjay82ZDYzY2Y3MC1iZjk3LTExZjAtYWYxMS0wNjEwYWJlM2VlNmQvNmQ2NWE0MzAtYmY5Ny0xMWYwLWFmMTEtMDYxMGFiZTNlZTZkL0FXU0VCSW5zdGFuY2VMYXVuY2hXYWl0SGFuZGxlP1gtQW16LUFsZ29yaXRobT1BV1M0LUhNQUMtU0hBMjU2JlgtQW16LURhdGU9MjAyNTExMTJUMDcxNTU3WiZYLUFtei1TaWduZWRIZWFkZXJzPWhvc3QmWC1BbXotRXhwaXJlcz04NjM5OSZYLUFtei1DcmVkZW50aWFsPUFLSUFZT0xDSTcyQjNUSEJQWFVMJTJGMjAyNTExMTIlMkZldS1ub3J0aC0xJTJGczMlMkZhd3M0X3JlcXVlc3QmWC1BbXotU2lnbmF0dXJlPWExNzUyZmZhZDkyOWNmZGUwMDgxZWNlZmQxOTgzMWI1NjJkZmM1MjI3MjgzMzRjM2I0NzFhNzI0MzJmZGEwZDMnICAgICdhcm46YXdzOmNsb3VkZm9ybWF0aW9uOmV1LW5vcnRoLTE6MTU1OTMxMTkxMjI5OnN0YWNrL2F3c2ViLWUtd2ZtdzN1MmE3cC1zdGFjay82ZDYzY2Y3MC1iZjk3LTExZjAtYWYxMS0wNjEwYWJlM2VlNmQnICAgICdmYjBkMzMzZS1iMTJjLTQyNDktODZkMS00ZDA0MjY3NDFiN2EnICAgICdodHRwczovL2VsYXN0aWNiZWFuc3RhbGstaGVhbHRoLmV1LW5vcnRoLTEuYW1hem9uYXdzLmNvbScgICAgJycgICAgJ2h0dHBzOi8vZWxhc3RpY2JlYW5zdGFsay1wbGF0Zm9ybS1hc3NldHMtZXUtbm9ydGgtMS5zMy5ldS1ub3J0aC0xLmFtYXpvbmF3cy5jb20vc3RhbGtzL2ViX2NvcnJldHRvMTdfYW1hem9uX2xpbnV4XzIwMjNfMS4wLjEzMTUuMF8yMDI1MTEwMTE1MjQyOCcgICAgJ2V1LW5vcnRoLTEnCiAgICBSRVNVTFQ9JD8KICAgIGlmIFtbICIkUkVTVUxUIiAtbmUgMCBdXTsgdGhlbiAKICAgICAgc2xlZXBfZGVsYXkgCiAgICBlbHNlIAogICAgICBleGl0IDAgIAogICAgZmkgCiAgZmkgCmRvbmUKCi0tPT09PT09PT09PT09PT09NTE4OTA2NTM3NzIyMjg5ODQwNz09LS0g",
                            "vpc_security_group_ids.#": "1",
                            "vpc_security_group_ids.0": "sg-082ce46356109d2ad"
                        },
                        "meta": {
                            "schema_version": 2
                        },
                        "tainted": false
                    },
                    "deposed": [],
                    "provider": "provider.aws"
                },
                "aws_instance.tfer--i-08a7ab1d4d0956157_jenkins-workers": {
                    "type": "aws_instance",
                    "depends_on": [],
                    "primary": {
                        "id": "i-08a7ab1d4d0956157",
                        "attributes": {
                            "ami": "ami-0fa91bc90632c73c9",
                            "arn": "arn:aws:ec2:eu-north-1:155931191229:instance/i-08a7ab1d4d0956157",
                            "associate_public_ip_address": "true",
                            "availability_zone": "eu-north-1a",
                            "capacity_reservation_specification.#": "1",
                            "capacity_reservation_specification.0.capacity_reservation_preference": "open",
                            "capacity_reservation_specification.0.capacity_reservation_target.#": "0",
                            "cpu_options.#": "1",
                            "cpu_options.0.amd_sev_snp": "",
                            "cpu_options.0.core_count": "1",
                            "cpu_options.0.threads_per_core": "2",
                            "credit_specification.#": "1",
                            "credit_specification.0.cpu_credits": "unlimited",
                            "disable_api_stop": "false",
                            "disable_api_termination": "false",
                            "ebs_block_device.#": "0",
                            "ebs_optimized": "true",
                            "enclave_options.#": "1",
                            "enclave_options.0.enabled": "false",
                            "ephemeral_block_device.#": "0",
                            "get_password_data": "false",
                            "hibernation": "false",
                            "host_id": "",
                            "iam_instance_profile": "",
                            "id": "i-08a7ab1d4d0956157",
                            "instance_initiated_shutdown_behavior": "stop",
                            "instance_lifecycle": "",
                            "instance_market_options.#": "0",
                            "instance_state": "running",
                            "instance_type": "t3.micro",
                            "ipv6_address_count": "0",
                            "ipv6_addresses.#": "0",
                            "key_name": "jenkins",
                            "launch_template.#": "0",
                            "maintenance_options.#": "1",
                            "maintenance_options.0.auto_recovery": "default",
                            "metadata_options.#": "1",
                            "metadata_options.0.http_endpoint": "enabled",
                            "metadata_options.0.http_protocol_ipv6": "disabled",
                            "metadata_options.0.http_put_response_hop_limit": "2",
                            "metadata_options.0.http_tokens": "required",
                            "metadata_options.0.instance_metadata_tags": "disabled",
                            "monitoring": "false",
                            "network_interface.#": "0",
                            "outpost_arn": "",
                            "password_data": "",
                            "placement_group": "",
                            "placement_group_id": "",
                            "placement_partition_number": "0",
                            "primary_network_interface.#": "1",
                            "primary_network_interface.0.delete_on_termination": "true",
                            "primary_network_interface.0.network_interface_id": "eni-0b695adfdb44622c0",
                            "primary_network_interface_id": "eni-0b695adfdb44622c0",
                            "private_dns": "ip-172-31-22-227.eu-north-1.compute.internal",
                            "private_dns_name_options.#": "1",
                            "private_dns_name_options.0.enable_resource_name_dns_a_record": "true",
                            "private_dns_name_options.0.enable_resource_name_dns_aaaa_record": "false",
                            "private_dns_name_options.0.hostname_type": "ip-name",
                            "private_ip": "172.31.22.227",
                            "public_dns": "ec2-13-61-188-158.eu-north-1.compute.amazonaws.com",
                            "public_ip": "13.61.188.158",
                            "region": "eu-north-1",
                            "root_block_device.#": "1",
                            "root_block_device.0.delete_on_termination": "true",
                            "root_block_device.0.device_name": "/dev/sda1",
                            "root_block_device.0.encrypted": "false",
                            "root_block_device.0.iops": "3000",
                            "root_block_device.0.kms_key_id": "",
                            "root_block_device.0.tags.%": "0",
                            "root_block_device.0.tags_all.%": "0",
                            "root_block_device.0.throughput": "125",
                            "root_block_device.0.volume_id": "vol-0204222042c8fd4e1",
                            "root_block_device.0.volume_size": "15",
                            "root_block_device.0.volume_type": "gp3",
                            "secondary_private_ips.#": "0",
                            "security_groups.#": "1",
                            "security_groups.0": "launch-wizard-1",
                            "source_dest_check": "true",
                            "spot_instance_request_id": "",
                            "subnet_id": "subnet-0d628fc4b6978d9e5",
                            "tags.%": "1",
                            "tags.Name": "jenkins-workers",
                            "tags_all.%": "1",
                            "tags_all.Name": "jenkins-workers",
                            "tenancy": "default",
                            "user_data_base64": "",
                            "vpc_security_group_ids.#": "1",
                            "vpc_security_group_ids.0": "sg-0ec6b014361a627af"
                        },
                        "meta": {
                            "schema_version": 2
                        },
                        "tainted": false
                    },
                    "deposed": [],
                    "provider": "provider.aws"
                },
                "aws_instance.tfer--i-097f394482d69ec64_jenkins-controller": {
                    "type": "aws_instance",
                    "depends_on": [],
                    "primary": {
                        "id": "i-097f394482d69ec64",
                        "attributes": {
                            "ami": "ami-0fa91bc90632c73c9",
                            "arn": "arn:aws:ec2:eu-north-1:155931191229:instance/i-097f394482d69ec64",
                            "associate_public_ip_address": "true",
                            "availability_zone": "eu-north-1a",
                            "capacity_reservation_specification.#": "1",
                            "capacity_reservation_specification.0.capacity_reservation_preference": "open",
                            "capacity_reservation_specification.0.capacity_reservation_target.#": "0",
                            "cpu_options.#": "1",
                            "cpu_options.0.amd_sev_snp": "",
                            "cpu_options.0.core_count": "1",
                            "cpu_options.0.threads_per_core": "2",
                            "credit_specification.#": "1",
                            "credit_specification.0.cpu_credits": "unlimited",
                            "disable_api_stop": "false",
                            "disable_api_termination": "false",
                            "ebs_block_device.#": "0",
                            "ebs_optimized": "true",
                            "enclave_options.#": "1",
                            "enclave_options.0.enabled": "false",
                            "ephemeral_block_device.#": "0",
                            "get_password_data": "false",
                            "hibernation": "false",
                            "host_id": "",
                            "iam_instance_profile": "",
                            "id": "i-097f394482d69ec64",
                            "instance_initiated_shutdown_behavior": "stop",
                            "instance_lifecycle": "",
                            "instance_market_options.#": "0",
                            "instance_state": "running",
                            "instance_type": "t3.micro",
                            "ipv6_address_count": "0",
                            "ipv6_addresses.#": "0",
                            "key_name": "jenkins",
                            "launch_template.#": "0",
                            "maintenance_options.#": "1",
                            "maintenance_options.0.auto_recovery": "default",
                            "metadata_options.#": "1",
                            "metadata_options.0.http_endpoint": "enabled",
                            "metadata_options.0.http_protocol_ipv6": "disabled",
                            "metadata_options.0.http_put_response_hop_limit": "2",
                            "metadata_options.0.http_tokens": "required",
                            "metadata_options.0.instance_metadata_tags": "disabled",
                            "monitoring": "false",
                            "network_interface.#": "0",
                            "outpost_arn": "",
                            "password_data": "",
                            "placement_group": "",
                            "placement_group_id": "",
                            "placement_partition_number": "0",
                            "primary_network_interface.#": "1",
                            "primary_network_interface.0.delete_on_termination": "true",
                            "primary_network_interface.0.network_interface_id": "eni-04480b7b1eb4369d7",
                            "primary_network_interface_id": "eni-04480b7b1eb4369d7",
                            "private_dns": "ip-172-31-31-173.eu-north-1.compute.internal",
                            "private_dns_name_options.#": "1",
                            "private_dns_name_options.0.enable_resource_name_dns_a_record": "true",
                            "private_dns_name_options.0.enable_resource_name_dns_aaaa_record": "false",
                            "private_dns_name_options.0.hostname_type": "ip-name",
                            "private_ip": "172.31.31.173",
                            "public_dns": "ec2-13-60-203-102.eu-north-1.compute.amazonaws.com",
                            "public_ip": "13.60.203.102",
                            "region": "eu-north-1",
                            "root_block_device.#": "1",
                            "root_block_device.0.delete_on_termination": "true",
                            "root_block_device.0.device_name": "/dev/sda1",
                            "root_block_device.0.encrypted": "false",
                            "root_block_device.0.iops": "3000",
                            "root_block_device.0.kms_key_id": "",
                            "root_block_device.0.tags.%": "0",
                            "root_block_device.0.tags_all.%": "0",
                            "root_block_device.0.throughput": "125",
                            "root_block_device.0.volume_id": "vol-0ef8f9c040be69542",
                            "root_block_device.0.volume_size": "25",
                            "root_block_device.0.volume_type": "gp3",
                            "secondary_private_ips.#": "0",
                            "security_groups.#": "1",
                            "security_groups.0": "launch-wizard-1",
                            "source_dest_check": "true",
                            "spot_instance_request_id": "",
                            "subnet_id": "subnet-0d628fc4b6978d9e5",
                            "tags.%": "1",
                            "tags.Name": "jenkins-controller",
                            "tags_all.%": "1",
                            "tags_all.Name": "jenkins-controller",
                            "tenancy": "default",
                            "user_data_base64": "",
                            "vpc_security_group_ids.#": "1",
                            "vpc_security_group_ids.0": "sg-0ec6b014361a627af"
                        },
                        "meta": {
                            "schema_version": 2
                        },
                        "tainted": false
                    },
                    "deposed": [],
                    "provider": "provider.aws"
                },
                "aws_instance.tfer--i-0a4083869b2fbc709_terraformer": {
                    "type": "aws_instance",
                    "depends_on": [],
                    "primary": {
                        "id": "i-0a4083869b2fbc709",
                        "attributes": {
                            "ami": "ami-0fa91bc90632c73c9",
                            "arn": "arn:aws:ec2:eu-north-1:155931191229:instance/i-0a4083869b2fbc709",
                            "associate_public_ip_address": "true",
                            "availability_zone": "eu-north-1a",
                            "capacity_reservation_specification.#": "1",
                            "capacity_reservation_specification.0.capacity_reservation_preference": "open",
                            "capacity_reservation_specification.0.capacity_reservation_target.#": "0",
                            "cpu_options.#": "1",
                            "cpu_options.0.amd_sev_snp": "",
                            "cpu_options.0.core_count": "1",
                            "cpu_options.0.threads_per_core": "2",
                            "credit_specification.#": "1",
                            "credit_specification.0.cpu_credits": "unlimited",
                            "disable_api_stop": "false",
                            "disable_api_termination": "false",
                            "ebs_block_device.#": "0",
                            "ebs_optimized": "true",
                            "enclave_options.#": "1",
                            "enclave_options.0.enabled": "false",
                            "ephemeral_block_device.#": "0",
                            "get_password_data": "false",
                            "hibernation": "false",
                            "host_id": "",
                            "iam_instance_profile": "",
                            "id": "i-0a4083869b2fbc709",
                            "instance_initiated_shutdown_behavior": "stop",
                            "instance_lifecycle": "",
                            "instance_market_options.#": "0",
                            "instance_state": "running",
                            "instance_type": "t3.small",
                            "ipv6_address_count": "0",
                            "ipv6_addresses.#": "0",
                            "key_name": "terrrfomer",
                            "launch_template.#": "0",
                            "maintenance_options.#": "1",
                            "maintenance_options.0.auto_recovery": "default",
                            "metadata_options.#": "1",
                            "metadata_options.0.http_endpoint": "enabled",
                            "metadata_options.0.http_protocol_ipv6": "disabled",
                            "metadata_options.0.http_put_response_hop_limit": "2",
                            "metadata_options.0.http_tokens": "required",
                            "metadata_options.0.instance_metadata_tags": "disabled",
                            "monitoring": "false",
                            "network_interface.#": "0",
                            "outpost_arn": "",
                            "password_data": "",
                            "placement_group": "",
                            "placement_group_id": "",
                            "placement_partition_number": "0",
                            "primary_network_interface.#": "1",
                            "primary_network_interface.0.delete_on_termination": "true",
                            "primary_network_interface.0.network_interface_id": "eni-0c4709abbb744c2b4",
                            "primary_network_interface_id": "eni-0c4709abbb744c2b4",
                            "private_dns": "ip-172-31-26-104.eu-north-1.compute.internal",
                            "private_dns_name_options.#": "1",
                            "private_dns_name_options.0.enable_resource_name_dns_a_record": "true",
                            "private_dns_name_options.0.enable_resource_name_dns_aaaa_record": "false",
                            "private_dns_name_options.0.hostname_type": "ip-name",
                            "private_ip": "172.31.26.104",
                            "public_dns": "ec2-51-20-116-106.eu-north-1.compute.amazonaws.com",
                            "public_ip": "51.20.116.106",
                            "region": "eu-north-1",
                            "root_block_device.#": "1",
                            "root_block_device.0.delete_on_termination": "true",
                            "root_block_device.0.device_name": "/dev/sda1",
                            "root_block_device.0.encrypted": "false",
                            "root_block_device.0.iops": "3000",
                            "root_block_device.0.kms_key_id": "",
                            "root_block_device.0.tags.%": "0",
                            "root_block_device.0.tags_all.%": "0",
                            "root_block_device.0.throughput": "125",
                            "root_block_device.0.volume_id": "vol-016f967bc1f823c1d",
                            "root_block_device.0.volume_size": "25",
                            "root_block_device.0.volume_type": "gp3",
                            "secondary_private_ips.#": "0",
                            "security_groups.#": "1",
                            "security_groups.0": "launch-wizard-2",
                            "source_dest_check": "true",
                            "spot_instance_request_id": "",
                            "subnet_id": "subnet-0d628fc4b6978d9e5",
                            "tags.%": "1",
                            "tags.Name": "terraformer",
                            "tags_all.%": "1",
                            "tags_all.Name": "terraformer",
                            "tenancy": "default",
                            "user_data_base64": "",
                            "vpc_security_group_ids.#": "1",
                            "vpc_security_group_ids.0": "sg-0e766dcaeebd53d09"
                        },
                        "meta": {
                            "schema_version": 2
                        },
                        "tainted": false
                    },
                    "deposed": [],
                    "provider": "provider.aws"
                }
            },
            "depends_on": []
        }
    ]
}
