{
    "version": 3,
    "terraform_version": "0.12.31",
    "serial": 1,
    "lineage": "f8307e19-2012-a998-85dc-7b6cb5dcfd63",
    "modules": [
        {
            "path": [
                "root"
            ],
            "outputs": {
                "aws_ecr_repository_policy_tfer--jack-backend_id": {
                    "sensitive": false,
                    "type": "string",
                    "value": "jack-backend"
                },
                "aws_ecr_repository_policy_tfer--jack-frontend_id": {
                    "sensitive": false,
                    "type": "string",
                    "value": "jack-frontend"
                },
                "aws_ecr_repository_tfer--jack-backend_id": {
                    "sensitive": false,
                    "type": "string",
                    "value": "jack-backend"
                },
                "aws_ecr_repository_tfer--jack-frontend_id": {
                    "sensitive": false,
                    "type": "string",
                    "value": "jack-frontend"
                }
            },
            "resources": {
                "aws_ecr_repository.tfer--jack-backend": {
                    "type": "aws_ecr_repository",
                    "depends_on": [],
                    "primary": {
                        "id": "jack-backend",
                        "attributes": {
                            "arn": "arn:aws:ecr:eu-north-1:155931191229:repository/jack-backend",
                            "encryption_configuration.#": "1",
                            "encryption_configuration.0.encryption_type": "AES256",
                            "encryption_configuration.0.kms_key": "",
                            "id": "jack-backend",
                            "image_scanning_configuration.#": "1",
                            "image_scanning_configuration.0.scan_on_push": "false",
                            "image_tag_mutability": "IMMUTABLE",
                            "image_tag_mutability_exclusion_filter.#": "0",
                            "name": "jack-backend",
                            "region": "eu-north-1",
                            "registry_id": "155931191229",
                            "repository_url": "155931191229.dkr.ecr.eu-north-1.amazonaws.com/jack-backend",
                            "tags.%": "0",
                            "tags_all.%": "0"
                        },
                        "meta": {
                            "schema_version": 0
                        },
                        "tainted": false
                    },
                    "deposed": [],
                    "provider": "provider.aws"
                },
                "aws_ecr_repository.tfer--jack-frontend": {
                    "type": "aws_ecr_repository",
                    "depends_on": [],
                    "primary": {
                        "id": "jack-frontend",
                        "attributes": {
                            "arn": "arn:aws:ecr:eu-north-1:155931191229:repository/jack-frontend",
                            "encryption_configuration.#": "1",
                            "encryption_configuration.0.encryption_type": "AES256",
                            "encryption_configuration.0.kms_key": "",
                            "id": "jack-frontend",
                            "image_scanning_configuration.#": "1",
                            "image_scanning_configuration.0.scan_on_push": "false",
                            "image_tag_mutability": "IMMUTABLE",
                            "image_tag_mutability_exclusion_filter.#": "0",
                            "name": "jack-frontend",
                            "region": "eu-north-1",
                            "registry_id": "155931191229",
                            "repository_url": "155931191229.dkr.ecr.eu-north-1.amazonaws.com/jack-frontend",
                            "tags.%": "0",
                            "tags_all.%": "0"
                        },
                        "meta": {
                            "schema_version": 0
                        },
                        "tainted": false
                    },
                    "deposed": [],
                    "provider": "provider.aws"
                },
                "aws_ecr_repository_policy.tfer--jack-backend": {
                    "type": "aws_ecr_repository_policy",
                    "depends_on": [],
                    "primary": {
                        "id": "jack-backend",
                        "attributes": {
                            "id": "jack-backend",
                            "policy": "{\"Statement\":[{\"Action\":[\"ecr:BatchCheckLayerAvailability\",\"ecr:BatchGetImage\",\"ecr:GetDownloadUrlForLayer\"],\"Effect\":\"Allow\",\"Principal\":\"*\",\"Sid\":\"PublicRead\"}],\"Version\":\"2012-10-17\"}",
                            "region": "eu-north-1",
                            "registry_id": "155931191229",
                            "repository": "jack-backend"
                        },
                        "meta": {
                            "schema_version": 0
                        },
                        "tainted": false
                    },
                    "deposed": [],
                    "provider": "provider.aws"
                },
                "aws_ecr_repository_policy.tfer--jack-frontend": {
                    "type": "aws_ecr_repository_policy",
                    "depends_on": [],
                    "primary": {
                        "id": "jack-frontend",
                        "attributes": {
                            "id": "jack-frontend",
                            "policy": "{\"Statement\":[{\"Action\":[\"ecr:GetDownloadUrlForLayer\",\"ecr:BatchGetImage\",\"ecr:BatchCheckLayerAvailability\"],\"Effect\":\"Allow\",\"Principal\":\"*\",\"Sid\":\"PublicRead\"}],\"Version\":\"2012-10-17\"}",
                            "region": "eu-north-1",
                            "registry_id": "155931191229",
                            "repository": "jack-frontend"
                        },
                        "meta": {
                            "schema_version": 0
                        },
                        "tainted": false
                    },
                    "deposed": [],
                    "provider": "provider.aws"
                }
            },
            "depends_on": []
        }
    ]
}
