{
    "version": 3,
    "terraform_version": "0.12.31",
    "serial": 1,
    "lineage": "cc00e72c-f106-0355-df45-964813ee5656",
    "modules": [
        {
            "path": [
                "root"
            ],
            "outputs": {
                "aws_db_instance_tfer--postgres-db1_id": {
                    "sensitive": false,
                    "type": "string",
                    "value": "db-YHP5KUHBH6HVUVU7CXTWTCQCLU"
                },
                "aws_db_snapshot_tfer--rds-003A-postgres-db1-2025-11-28-02-22_id": {
                    "sensitive": false,
                    "type": "string",
                    "value": "rds:postgres-db1-2025-11-28-02-22"
                },
                "aws_db_snapshot_tfer--rds-003A-postgres-db1-2025-11-29-02-22_id": {
                    "sensitive": false,
                    "type": "string",
                    "value": "rds:postgres-db1-2025-11-29-02-22"
                },
                "aws_db_snapshot_tfer--rds-003A-postgres-db1-2025-11-30-02-22_id": {
                    "sensitive": false,
                    "type": "string",
                    "value": "rds:postgres-db1-2025-11-30-02-22"
                },
                "aws_db_subnet_group_tfer--default-vpc-0c31ec75d9cca6989_id": {
                    "sensitive": false,
                    "type": "string",
                    "value": "default-vpc-0c31ec75d9cca6989"
                },
                "aws_db_subnet_group_tfer--default_id": {
                    "sensitive": false,
                    "type": "string",
                    "value": "default"
                }
            },
            "resources": {
                "aws_db_instance.tfer--postgres-db1": {
                    "type": "aws_db_instance",
                    "depends_on": [],
                    "primary": {
                        "id": "db-YHP5KUHBH6HVUVU7CXTWTCQCLU",
                        "attributes": {
                            "address": "postgres-db1.chaswugoqwn5.eu-north-1.rds.amazonaws.com",
                            "allocated_storage": "20",
                            "arn": "arn:aws:rds:eu-north-1:155931191229:db:postgres-db1",
                            "auto_minor_version_upgrade": "true",
                            "availability_zone": "eu-north-1b",
                            "backup_retention_period": "1",
                            "backup_target": "region",
                            "backup_window": "02:11-02:41",
                            "ca_cert_identifier": "rds-ca-rsa2048-g1",
                            "character_set_name": "",
                            "copy_tags_to_snapshot": "true",
                            "custom_iam_instance_profile": "",
                            "customer_owned_ip_enabled": "false",
                            "database_insights_mode": "standard",
                            "db_name": "",
                            "db_subnet_group_name": "default-vpc-0c31ec75d9cca6989",
                            "dedicated_log_volume": "false",
                            "deletion_protection": "false",
                            "domain": "",
                            "domain_auth_secret_arn": "",
                            "domain_dns_ips.#": "0",
                            "domain_fqdn": "",
                            "domain_iam_role_name": "",
                            "domain_ou": "",
                            "enabled_cloudwatch_logs_exports.#": "0",
                            "endpoint": "postgres-db1.chaswugoqwn5.eu-north-1.rds.amazonaws.com:5432",
                            "engine": "postgres",
                            "engine_lifecycle_support": "open-source-rds-extended-support-disabled",
                            "engine_version": "16.10",
                            "engine_version_actual": "16.10",
                            "hosted_zone_id": "Z3MPDEQW7KHUGY",
                            "iam_database_authentication_enabled": "false",
                            "id": "db-YHP5KUHBH6HVUVU7CXTWTCQCLU",
                            "identifier": "postgres-db1",
                            "identifier_prefix": "",
                            "instance_class": "db.t4g.micro",
                            "iops": "0",
                            "kms_key_id": "arn:aws:kms:eu-north-1:155931191229:key/15495d49-1179-495b-8781-3b215280efd9",
                            "latest_restorable_time": "2025-11-30T21:04:38Z",
                            "license_model": "postgresql-license",
                            "listener_endpoint.#": "0",
                            "maintenance_window": "mon:05:43-mon:06:13",
                            "master_user_secret.#": "0",
                            "max_allocated_storage": "1000",
                            "monitoring_interval": "0",
                            "monitoring_role_arn": "",
                            "multi_az": "false",
                            "nchar_character_set_name": "",
                            "network_type": "IPV4",
                            "option_group_name": "default:postgres-16",
                            "parameter_group_name": "default.postgres16",
                            "performance_insights_enabled": "true",
                            "performance_insights_kms_key_id": "arn:aws:kms:eu-north-1:155931191229:key/15495d49-1179-495b-8781-3b215280efd9",
                            "performance_insights_retention_period": "7",
                            "port": "5432",
                            "publicly_accessible": "true",
                            "region": "eu-north-1",
                            "replica_mode": "",
                            "replicas.#": "0",
                            "replicate_source_db": "",
                            "resource_id": "db-YHP5KUHBH6HVUVU7CXTWTCQCLU",
                            "status": "available",
                            "storage_encrypted": "true",
                            "storage_throughput": "0",
                            "storage_type": "gp2",
                            "tags.%": "0",
                            "tags_all.%": "0",
                            "timezone": "",
                            "username": "postgres",
                            "vpc_security_group_ids.#": "1",
                            "vpc_security_group_ids.0": "sg-0da3602ac5c81d27f"
                        },
                        "meta": {
                            "schema_version": 2
                        },
                        "tainted": false
                    },
                    "deposed": [],
                    "provider": "provider.aws"
                },
                "aws_db_snapshot.tfer--rds-003A-postgres-db1-2025-11-28-02-22": {
                    "type": "aws_db_snapshot",
                    "depends_on": [],
                    "primary": {
                        "id": "rds:postgres-db1-2025-11-28-02-22",
                        "attributes": {
                            "allocated_storage": "20",
                            "availability_zone": "eu-north-1b",
                            "db_instance_identifier": "postgres-db1",
                            "db_snapshot_arn": "arn:aws:rds:eu-north-1:155931191229:snapshot:rds:postgres-db1-2025-11-28-02-22",
                            "db_snapshot_identifier": "rds:postgres-db1-2025-11-28-02-22",
                            "encrypted": "true",
                            "engine": "postgres",
                            "engine_version": "16.10",
                            "id": "rds:postgres-db1-2025-11-28-02-22",
                            "iops": "0",
                            "kms_key_id": "arn:aws:kms:eu-north-1:155931191229:key/15495d49-1179-495b-8781-3b215280efd9",
                            "license_model": "postgresql-license",
                            "option_group_name": "default:postgres-16",
                            "port": "5432",
                            "region": "eu-north-1",
                            "shared_accounts.#": "0",
                            "snapshot_type": "automated",
                            "source_db_snapshot_identifier": "",
                            "source_region": "",
                            "status": "available",
                            "tags.%": "0",
                            "tags_all.%": "0",
                            "vpc_id": "vpc-0c31ec75d9cca6989"
                        },
                        "meta": {
                            "schema_version": 0
                        },
                        "tainted": false
                    },
                    "deposed": [],
                    "provider": "provider.aws"
                },
                "aws_db_snapshot.tfer--rds-003A-postgres-db1-2025-11-29-02-22": {
                    "type": "aws_db_snapshot",
                    "depends_on": [],
                    "primary": {
                        "id": "rds:postgres-db1-2025-11-29-02-22",
                        "attributes": {
                            "allocated_storage": "20",
                            "availability_zone": "eu-north-1b",
                            "db_instance_identifier": "postgres-db1",
                            "db_snapshot_arn": "arn:aws:rds:eu-north-1:155931191229:snapshot:rds:postgres-db1-2025-11-29-02-22",
                            "db_snapshot_identifier": "rds:postgres-db1-2025-11-29-02-22",
                            "encrypted": "true",
                            "engine": "postgres",
                            "engine_version": "16.10",
                            "id": "rds:postgres-db1-2025-11-29-02-22",
                            "iops": "0",
                            "kms_key_id": "arn:aws:kms:eu-north-1:155931191229:key/15495d49-1179-495b-8781-3b215280efd9",
                            "license_model": "postgresql-license",
                            "option_group_name": "default:postgres-16",
                            "port": "5432",
                            "region": "eu-north-1",
                            "shared_accounts.#": "0",
                            "snapshot_type": "automated",
                            "source_db_snapshot_identifier": "",
                            "source_region": "",
                            "status": "available",
                            "tags.%": "0",
                            "tags_all.%": "0",
                            "vpc_id": "vpc-0c31ec75d9cca6989"
                        },
                        "meta": {
                            "schema_version": 0
                        },
                        "tainted": false
                    },
                    "deposed": [],
                    "provider": "provider.aws"
                },
                "aws_db_snapshot.tfer--rds-003A-postgres-db1-2025-11-30-02-22": {
                    "type": "aws_db_snapshot",
                    "depends_on": [],
                    "primary": {
                        "id": "rds:postgres-db1-2025-11-30-02-22",
                        "attributes": {
                            "allocated_storage": "20",
                            "availability_zone": "eu-north-1b",
                            "db_instance_identifier": "postgres-db1",
                            "db_snapshot_arn": "arn:aws:rds:eu-north-1:155931191229:snapshot:rds:postgres-db1-2025-11-30-02-22",
                            "db_snapshot_identifier": "rds:postgres-db1-2025-11-30-02-22",
                            "encrypted": "true",
                            "engine": "postgres",
                            "engine_version": "16.10",
                            "id": "rds:postgres-db1-2025-11-30-02-22",
                            "iops": "0",
                            "kms_key_id": "arn:aws:kms:eu-north-1:155931191229:key/15495d49-1179-495b-8781-3b215280efd9",
                            "license_model": "postgresql-license",
                            "option_group_name": "default:postgres-16",
                            "port": "5432",
                            "region": "eu-north-1",
                            "shared_accounts.#": "0",
                            "snapshot_type": "automated",
                            "source_db_snapshot_identifier": "",
                            "source_region": "",
                            "status": "available",
                            "tags.%": "0",
                            "tags_all.%": "0",
                            "vpc_id": "vpc-0c31ec75d9cca6989"
                        },
                        "meta": {
                            "schema_version": 0
                        },
                        "tainted": false
                    },
                    "deposed": [],
                    "provider": "provider.aws"
                },
                "aws_db_subnet_group.tfer--default": {
                    "type": "aws_db_subnet_group",
                    "depends_on": [],
                    "primary": {
                        "id": "default",
                        "attributes": {
                            "arn": "arn:aws:rds:eu-north-1:155931191229:subgrp:default",
                            "description": "default",
                            "id": "default",
                            "name": "default",
                            "name_prefix": "",
                            "region": "eu-north-1",
                            "subnet_ids.#": "3",
                            "subnet_ids.0": "subnet-014deebf772950683",
                            "subnet_ids.1": "subnet-0b015363015abd19a",
                            "subnet_ids.2": "subnet-0d628fc4b6978d9e5",
                            "supported_network_types.#": "1",
                            "supported_network_types.0": "IPV4",
                            "tags.%": "0",
                            "tags_all.%": "0",
                            "vpc_id": "vpc-0c31ec75d9cca6989"
                        },
                        "meta": {
                            "schema_version": 0
                        },
                        "tainted": false
                    },
                    "deposed": [],
                    "provider": "provider.aws"
                },
                "aws_db_subnet_group.tfer--default-vpc-0c31ec75d9cca6989": {
                    "type": "aws_db_subnet_group",
                    "depends_on": [],
                    "primary": {
                        "id": "default-vpc-0c31ec75d9cca6989",
                        "attributes": {
                            "arn": "arn:aws:rds:eu-north-1:155931191229:subgrp:default-vpc-0c31ec75d9cca6989",
                            "description": "Created from the RDS Management Console",
                            "id": "default-vpc-0c31ec75d9cca6989",
                            "name": "default-vpc-0c31ec75d9cca6989",
                            "name_prefix": "",
                            "region": "eu-north-1",
                            "subnet_ids.#": "3",
                            "subnet_ids.0": "subnet-014deebf772950683",
                            "subnet_ids.1": "subnet-0b015363015abd19a",
                            "subnet_ids.2": "subnet-0d628fc4b6978d9e5",
                            "supported_network_types.#": "1",
                            "supported_network_types.0": "IPV4",
                            "tags.%": "0",
                            "tags_all.%": "0",
                            "vpc_id": "vpc-0c31ec75d9cca6989"
                        },
                        "meta": {
                            "schema_version": 0
                        },
                        "tainted": false
                    },
                    "deposed": [],
                    "provider": "provider.aws"
                }
            },
            "depends_on": []
        }
    ]
}
