{
    "version": 3,
    "terraform_version": "0.12.31",
    "serial": 1,
    "lineage": "436e99a8-f6c2-8291-bf4a-6af92241ea2c",
    "modules": [
        {
            "path": [
                "root"
            ],
            "outputs": {
                "aws_security_group_tfer--awseb-e-wfmw3u2a7p-stack-AWSEBSecurityGroup-Cu20Sqxhm370_sg-082ce46356109d2ad_id": {
                    "sensitive": false,
                    "type": "string",
                    "value": "sg-082ce46356109d2ad"
                },
                "aws_security_group_tfer--default_sg-0da3602ac5c81d27f_id": {
                    "sensitive": false,
                    "type": "string",
                    "value": "sg-0da3602ac5c81d27f"
                },
                "aws_security_group_tfer--jenkins-sec-group_sg-09d573334cd1814f7_id": {
                    "sensitive": false,
                    "type": "string",
                    "value": "sg-09d573334cd1814f7"
                },
                "aws_security_group_tfer--launch-wizard-1_sg-0ec6b014361a627af_id": {
                    "sensitive": false,
                    "type": "string",
                    "value": "sg-0ec6b014361a627af"
                },
                "aws_security_group_tfer--launch-wizard-2_sg-0e766dcaeebd53d09_id": {
                    "sensitive": false,
                    "type": "string",
                    "value": "sg-0e766dcaeebd53d09"
                }
            },
            "resources": {
                "aws_security_group.tfer--awseb-e-wfmw3u2a7p-stack-AWSEBSecurityGroup-Cu20Sqxhm370_sg-082ce46356109d2ad": {
                    "type": "aws_security_group",
                    "depends_on": [],
                    "primary": {
                        "id": "sg-082ce46356109d2ad",
                        "attributes": {
                            "arn": "arn:aws:ec2:eu-north-1:155931191229:security-group/sg-082ce46356109d2ad",
                            "description": "SecurityGroup for ElasticBeanstalk environment.",
                            "egress.#": "1",
                            "egress.0.cidr_blocks.#": "1",
                            "egress.0.cidr_blocks.0": "0.0.0.0/0",
                            "egress.0.description": "",
                            "egress.0.from_port": "0",
                            "egress.0.ipv6_cidr_blocks.#": "0",
                            "egress.0.prefix_list_ids.#": "0",
                            "egress.0.protocol": "-1",
                            "egress.0.security_groups.#": "0",
                            "egress.0.self": "false",
                            "egress.0.to_port": "0",
                            "id": "sg-082ce46356109d2ad",
                            "ingress.#": "1",
                            "ingress.0.cidr_blocks.#": "1",
                            "ingress.0.cidr_blocks.0": "0.0.0.0/0",
                            "ingress.0.description": "",
                            "ingress.0.from_port": "80",
                            "ingress.0.ipv6_cidr_blocks.#": "0",
                            "ingress.0.prefix_list_ids.#": "0",
                            "ingress.0.protocol": "tcp",
                            "ingress.0.security_groups.#": "0",
                            "ingress.0.self": "false",
                            "ingress.0.to_port": "80",
                            "name": "awseb-e-wfmw3u2a7p-stack-AWSEBSecurityGroup-Cu20Sqxhm370",
                            "name_prefix": "",
                            "owner_id": "155931191229",
                            "region": "eu-north-1",
                            "tags.%": "3",
                            "tags.Name": "Studentmanagement-env",
                            "tags.elasticbeanstalk:environment-id": "e-wfmw3u2a7p",
                            "tags.elasticbeanstalk:environment-name": "Studentmanagement-env",
                            "tags_all.%": "3",
                            "tags_all.Name": "Studentmanagement-env",
                            "tags_all.elasticbeanstalk:environment-id": "e-wfmw3u2a7p",
                            "tags_all.elasticbeanstalk:environment-name": "Studentmanagement-env",
                            "vpc_id": "vpc-0c31ec75d9cca6989"
                        },
                        "meta": {
                            "schema_version": 1
                        },
                        "tainted": false
                    },
                    "deposed": [],
                    "provider": "provider.aws"
                },
                "aws_security_group.tfer--default_sg-0da3602ac5c81d27f": {
                    "type": "aws_security_group",
                    "depends_on": [],
                    "primary": {
                        "id": "sg-0da3602ac5c81d27f",
                        "attributes": {
                            "arn": "arn:aws:ec2:eu-north-1:155931191229:security-group/sg-0da3602ac5c81d27f",
                            "description": "default VPC security group",
                            "egress.#": "1",
                            "egress.0.cidr_blocks.#": "1",
                            "egress.0.cidr_blocks.0": "0.0.0.0/0",
                            "egress.0.description": "",
                            "egress.0.from_port": "0",
                            "egress.0.ipv6_cidr_blocks.#": "0",
                            "egress.0.prefix_list_ids.#": "0",
                            "egress.0.protocol": "-1",
                            "egress.0.security_groups.#": "0",
                            "egress.0.self": "false",
                            "egress.0.to_port": "0",
                            "id": "sg-0da3602ac5c81d27f",
                            "ingress.#": "2",
                            "ingress.0.cidr_blocks.#": "1",
                            "ingress.0.cidr_blocks.0": "0.0.0.0/0",
                            "ingress.0.description": "",
                            "ingress.0.from_port": "5432",
                            "ingress.0.ipv6_cidr_blocks.#": "0",
                            "ingress.0.prefix_list_ids.#": "0",
                            "ingress.0.protocol": "tcp",
                            "ingress.0.security_groups.#": "0",
                            "ingress.0.self": "false",
                            "ingress.0.to_port": "5432",
                            "ingress.1.cidr_blocks.#": "0",
                            "ingress.1.description": "",
                            "ingress.1.from_port": "0",
                            "ingress.1.ipv6_cidr_blocks.#": "0",
                            "ingress.1.prefix_list_ids.#": "0",
                            "ingress.1.protocol": "-1",
                            "ingress.1.security_groups.#": "0",
                            "ingress.1.self": "true",
                            "ingress.1.to_port": "0",
                            "name": "default",
                            "name_prefix": "",
                            "owner_id": "155931191229",
                            "region": "eu-north-1",
                            "tags.%": "0",
                            "tags_all.%": "0",
                            "vpc_id": "vpc-0c31ec75d9cca6989"
                        },
                        "meta": {
                            "schema_version": 1
                        },
                        "tainted": false
                    },
                    "deposed": [],
                    "provider": "provider.aws"
                },
                "aws_security_group.tfer--jenkins-sec-group_sg-09d573334cd1814f7": {
                    "type": "aws_security_group",
                    "depends_on": [],
                    "primary": {
                        "id": "sg-09d573334cd1814f7",
                        "attributes": {
                            "arn": "arn:aws:ec2:eu-north-1:155931191229:security-group/sg-09d573334cd1814f7",
                            "description": "sec group for jenkins",
                            "egress.#": "1",
                            "egress.0.cidr_blocks.#": "1",
                            "egress.0.cidr_blocks.0": "0.0.0.0/0",
                            "egress.0.description": "",
                            "egress.0.from_port": "0",
                            "egress.0.ipv6_cidr_blocks.#": "0",
                            "egress.0.prefix_list_ids.#": "0",
                            "egress.0.protocol": "-1",
                            "egress.0.security_groups.#": "0",
                            "egress.0.self": "false",
                            "egress.0.to_port": "0",
                            "id": "sg-09d573334cd1814f7",
                            "ingress.#": "1",
                            "ingress.0.cidr_blocks.#": "1",
                            "ingress.0.cidr_blocks.0": "0.0.0.0/0",
                            "ingress.0.description": "",
                            "ingress.0.from_port": "8080",
                            "ingress.0.ipv6_cidr_blocks.#": "0",
                            "ingress.0.prefix_list_ids.#": "0",
                            "ingress.0.protocol": "tcp",
                            "ingress.0.security_groups.#": "0",
                            "ingress.0.self": "false",
                            "ingress.0.to_port": "8080",
                            "name": "jenkins-sec-group",
                            "name_prefix": "",
                            "owner_id": "155931191229",
                            "region": "eu-north-1",
                            "tags.%": "0",
                            "tags_all.%": "0",
                            "vpc_id": "vpc-0c31ec75d9cca6989"
                        },
                        "meta": {
                            "schema_version": 1
                        },
                        "tainted": false
                    },
                    "deposed": [],
                    "provider": "provider.aws"
                },
                "aws_security_group.tfer--launch-wizard-1_sg-0ec6b014361a627af": {
                    "type": "aws_security_group",
                    "depends_on": [],
                    "primary": {
                        "id": "sg-0ec6b014361a627af",
                        "attributes": {
                            "arn": "arn:aws:ec2:eu-north-1:155931191229:security-group/sg-0ec6b014361a627af",
                            "description": "launch-wizard-1 created 2025-11-15T07:23:31.929Z",
                            "egress.#": "1",
                            "egress.0.cidr_blocks.#": "1",
                            "egress.0.cidr_blocks.0": "0.0.0.0/0",
                            "egress.0.description": "",
                            "egress.0.from_port": "0",
                            "egress.0.ipv6_cidr_blocks.#": "0",
                            "egress.0.prefix_list_ids.#": "0",
                            "egress.0.protocol": "-1",
                            "egress.0.security_groups.#": "0",
                            "egress.0.self": "false",
                            "egress.0.to_port": "0",
                            "id": "sg-0ec6b014361a627af",
                            "ingress.#": "5",
                            "ingress.0.cidr_blocks.#": "1",
                            "ingress.0.cidr_blocks.0": "0.0.0.0/0",
                            "ingress.0.description": "",
                            "ingress.0.from_port": "0",
                            "ingress.0.ipv6_cidr_blocks.#": "0",
                            "ingress.0.prefix_list_ids.#": "0",
                            "ingress.0.protocol": "-1",
                            "ingress.0.security_groups.#": "0",
                            "ingress.0.self": "false",
                            "ingress.0.to_port": "0",
                            "ingress.1.cidr_blocks.#": "1",
                            "ingress.1.cidr_blocks.0": "0.0.0.0/0",
                            "ingress.1.description": "",
                            "ingress.1.from_port": "443",
                            "ingress.1.ipv6_cidr_blocks.#": "0",
                            "ingress.1.prefix_list_ids.#": "0",
                            "ingress.1.protocol": "tcp",
                            "ingress.1.security_groups.#": "0",
                            "ingress.1.self": "false",
                            "ingress.1.to_port": "443",
                            "ingress.2.cidr_blocks.#": "1",
                            "ingress.2.cidr_blocks.0": "0.0.0.0/0",
                            "ingress.2.description": "",
                            "ingress.2.from_port": "8080",
                            "ingress.2.ipv6_cidr_blocks.#": "0",
                            "ingress.2.prefix_list_ids.#": "0",
                            "ingress.2.protocol": "tcp",
                            "ingress.2.security_groups.#": "0",
                            "ingress.2.self": "false",
                            "ingress.2.to_port": "8080",
                            "ingress.3.cidr_blocks.#": "1",
                            "ingress.3.cidr_blocks.0": "0.0.0.0/0",
                            "ingress.3.description": "",
                            "ingress.3.from_port": "80",
                            "ingress.3.ipv6_cidr_blocks.#": "0",
                            "ingress.3.prefix_list_ids.#": "0",
                            "ingress.3.protocol": "tcp",
                            "ingress.3.security_groups.#": "0",
                            "ingress.3.self": "false",
                            "ingress.3.to_port": "80",
                            "ingress.4.cidr_blocks.#": "1",
                            "ingress.4.cidr_blocks.0": "197.37.170.29/32",
                            "ingress.4.description": "",
                            "ingress.4.from_port": "22",
                            "ingress.4.ipv6_cidr_blocks.#": "0",
                            "ingress.4.prefix_list_ids.#": "0",
                            "ingress.4.protocol": "tcp",
                            "ingress.4.security_groups.#": "0",
                            "ingress.4.self": "false",
                            "ingress.4.to_port": "22",
                            "name": "launch-wizard-1",
                            "name_prefix": "",
                            "owner_id": "155931191229",
                            "region": "eu-north-1",
                            "tags.%": "0",
                            "tags_all.%": "0",
                            "vpc_id": "vpc-0c31ec75d9cca6989"
                        },
                        "meta": {
                            "schema_version": 1
                        },
                        "tainted": false
                    },
                    "deposed": [],
                    "provider": "provider.aws"
                },
                "aws_security_group.tfer--launch-wizard-2_sg-0e766dcaeebd53d09": {
                    "type": "aws_security_group",
                    "depends_on": [],
                    "primary": {
                        "id": "sg-0e766dcaeebd53d09",
                        "attributes": {
                            "arn": "arn:aws:ec2:eu-north-1:155931191229:security-group/sg-0e766dcaeebd53d09",
                            "description": "launch-wizard-2 created 2025-11-30T16:11:06.279Z",
                            "egress.#": "1",
                            "egress.0.cidr_blocks.#": "1",
                            "egress.0.cidr_blocks.0": "0.0.0.0/0",
                            "egress.0.description": "",
                            "egress.0.from_port": "0",
                            "egress.0.ipv6_cidr_blocks.#": "0",
                            "egress.0.prefix_list_ids.#": "0",
                            "egress.0.protocol": "-1",
                            "egress.0.security_groups.#": "0",
                            "egress.0.self": "false",
                            "egress.0.to_port": "0",
                            "id": "sg-0e766dcaeebd53d09",
                            "ingress.#": "3",
                            "ingress.0.cidr_blocks.#": "1",
                            "ingress.0.cidr_blocks.0": "0.0.0.0/0",
                            "ingress.0.description": "",
                            "ingress.0.from_port": "22",
                            "ingress.0.ipv6_cidr_blocks.#": "0",
                            "ingress.0.prefix_list_ids.#": "0",
                            "ingress.0.protocol": "tcp",
                            "ingress.0.security_groups.#": "0",
                            "ingress.0.self": "false",
                            "ingress.0.to_port": "22",
                            "ingress.1.cidr_blocks.#": "1",
                            "ingress.1.cidr_blocks.0": "0.0.0.0/0",
                            "ingress.1.description": "",
                            "ingress.1.from_port": "443",
                            "ingress.1.ipv6_cidr_blocks.#": "0",
                            "ingress.1.prefix_list_ids.#": "0",
                            "ingress.1.protocol": "tcp",
                            "ingress.1.security_groups.#": "0",
                            "ingress.1.self": "false",
                            "ingress.1.to_port": "443",
                            "ingress.2.cidr_blocks.#": "1",
                            "ingress.2.cidr_blocks.0": "0.0.0.0/0",
                            "ingress.2.description": "",
                            "ingress.2.from_port": "80",
                            "ingress.2.ipv6_cidr_blocks.#": "0",
                            "ingress.2.prefix_list_ids.#": "0",
                            "ingress.2.protocol": "tcp",
                            "ingress.2.security_groups.#": "0",
                            "ingress.2.self": "false",
                            "ingress.2.to_port": "80",
                            "name": "launch-wizard-2",
                            "name_prefix": "",
                            "owner_id": "155931191229",
                            "region": "eu-north-1",
                            "tags.%": "0",
                            "tags_all.%": "0",
                            "vpc_id": "vpc-0c31ec75d9cca6989"
                        },
                        "meta": {
                            "schema_version": 1
                        },
                        "tainted": false
                    },
                    "deposed": [],
                    "provider": "provider.aws"
                }
            },
            "depends_on": []
        }
    ]
}
